{
  "version": 4,
  "terraform_version": "1.10.5",
  "serial": 30,
  "lineage": "d4cc5b43-48c6-eef6-363b-5b0f7de70e68",
  "outputs": {
    "bucket_name": {
      "value": "xtdb-storage-bucket",
      "type": "string"
    },
    "project_id": {
      "value": "bcs-test-450214",
      "type": "string"
    },
    "service_account_email": {
      "value": "xtdb-service-account@bcs-test-450214.iam.gserviceaccount.com",
      "type": "string"
    }
  },
  "resources": [
    {
      "mode": "managed",
      "type": "google_service_account",
      "name": "xtdb_service_account",
      "provider": "provider[\"registry.terraform.io/hashicorp/google\"]",
      "instances": [
        {
          "schema_version": 0,
          "attributes": {
            "account_id": "xtdb-service-account",
            "create_ignore_already_exists": null,
            "description": "",
            "disabled": false,
            "display_name": "XTDB Service Account",
            "email": "xtdb-service-account@bcs-test-450214.iam.gserviceaccount.com",
            "id": "projects/bcs-test-450214/serviceAccounts/xtdb-service-account@bcs-test-450214.iam.gserviceaccount.com",
            "member": "serviceAccount:xtdb-service-account@bcs-test-450214.iam.gserviceaccount.com",
            "name": "projects/bcs-test-450214/serviceAccounts/xtdb-service-account@bcs-test-450214.iam.gserviceaccount.com",
            "project": "bcs-test-450214",
            "timeouts": null,
            "unique_id": "103387432441341408526"
          },
          "sensitive_attributes": [],
          "private": "eyJlMmJmYjczMC1lY2FhLTExZTYtOGY4OC0zNDM2M2JjN2M0YzAiOnsiY3JlYXRlIjozMDAwMDAwMDAwMDB9fQ=="
        }
      ]
    },
    {
      "module": "module.kubernetes_engine",
      "mode": "data",
      "type": "google_container_engine_versions",
      "name": "region",
      "provider": "provider[\"registry.terraform.io/hashicorp/google\"]",
      "instances": [
        {
          "schema_version": 0,
          "attributes": {
            "default_cluster_version": "1.31.5-gke.1068000",
            "id": "2025-02-25 11:26:20.1763711 +0000 UTC",
            "latest_master_version": "1.32.1-gke.1729000",
            "latest_node_version": "1.32.1-gke.1729000",
            "location": "us-central1",
            "project": "bcs-test-450214",
            "release_channel_default_version": {
              "EXTENDED": "1.31.5-gke.1068000",
              "RAPID": "1.32.1-gke.1489001",
              "REGULAR": "1.31.5-gke.1068000",
              "STABLE": "1.30.8-gke.1261000"
            },
            "release_channel_latest_version": {
              "EXTENDED": "1.32.1-gke.1357001",
              "RAPID": "1.32.1-gke.1729000",
              "REGULAR": "1.32.1-gke.1357001",
              "STABLE": "1.31.5-gke.1023000"
            },
            "valid_master_versions": [
              "1.32.1-gke.1729000",
              "1.32.1-gke.1489001",
              "1.32.1-gke.1357001",
              "1.32.1-gke.1200003",
              "1.31.6-gke.1020000",
              "1.31.5-gke.1233000",
              "1.31.5-gke.1169000",
              "1.31.5-gke.1068000",
              "1.31.5-gke.1023000",
              "1.31.4-gke.1372000",
              "1.30.10-gke.1022000",
              "1.30.9-gke.1231000",
              "1.30.9-gke.1201000",
              "1.30.9-gke.1127000",
              "1.30.9-gke.1046000",
              "1.30.9-gke.1009000",
              "1.30.8-gke.1261000",
              "1.30.8-gke.1162001",
              "1.29.14-gke.1018000",
              "1.29.13-gke.1169000",
              "1.29.13-gke.1109000",
              "1.29.13-gke.1038000",
              "1.29.13-gke.1006000",
              "1.29.12-gke.1270000"
            ],
            "valid_node_versions": [
              "1.32.1-gke.1729000",
              "1.32.1-gke.1489001",
              "1.32.1-gke.1357001",
              "1.32.1-gke.1200003",
              "1.31.6-gke.1020000",
              "1.31.5-gke.1233000",
              "1.31.5-gke.1169000",
              "1.31.5-gke.1068000",
              "1.31.5-gke.1023000",
              "1.31.4-gke.1372000",
              "1.31.4-gke.1256000",
              "1.31.4-gke.1249000",
              "1.31.4-gke.1183000",
              "1.31.4-gke.1177000",
              "1.31.4-gke.1072000",
              "1.31.3-gke.1162000",
              "1.31.3-gke.1121001",
              "1.31.3-gke.1056000",
              "1.31.3-gke.1023000",
              "1.31.3-gke.1006000",
              "1.31.2-gke.1518000",
              "1.31.2-gke.1384000",
              "1.31.2-gke.1354000",
              "1.31.2-gke.1115000",
              "1.31.1-gke.2105000",
              "1.31.1-gke.2008000",
              "1.31.1-gke.1846000",
              "1.31.1-gke.1678000",
              "1.31.1-gke.1146000",
              "1.30.10-gke.1022000",
              "1.30.9-gke.1231000",
              "1.30.9-gke.1201000",
              "1.30.9-gke.1127000",
              "1.30.9-gke.1046000",
              "1.30.9-gke.1027000",
              "1.30.9-gke.1009000",
              "1.30.8-gke.1282000",
              "1.30.8-gke.1261000",
              "1.30.8-gke.1224000",
              "1.30.8-gke.1162001",
              "1.30.8-gke.1162000",
              "1.30.8-gke.1133000",
              "1.30.8-gke.1128001",
              "1.30.8-gke.1128000",
              "1.30.8-gke.1051001",
              "1.30.8-gke.1051000",
              "1.30.7-gke.1136000",
              "1.30.7-gke.1084000",
              "1.30.7-gke.1077000",
              "1.30.6-gke.1596000",
              "1.30.6-gke.1125000",
              "1.30.6-gke.1059000",
              "1.30.5-gke.1713000",
              "1.30.5-gke.1699000",
              "1.30.5-gke.1628000",
              "1.30.5-gke.1443001",
              "1.30.5-gke.1355000",
              "1.30.5-gke.1145000",
              "1.30.5-gke.1014003",
              "1.30.5-gke.1014001",
              "1.30.5-gke.1014000",
              "1.30.4-gke.1476000",
              "1.30.4-gke.1348001",
              "1.30.4-gke.1348000",
              "1.30.4-gke.1282000",
              "1.30.4-gke.1213000",
              "1.30.4-gke.1129000",
              "1.30.3-gke.1969002",
              "1.30.3-gke.1969001",
              "1.30.3-gke.1639000",
              "1.30.3-gke.1451000",
              "1.30.3-gke.1225000",
              "1.30.2-gke.1587003",
              "1.30.1-gke.1329003",
              "1.29.14-gke.1018000",
              "1.29.13-gke.1169000",
              "1.29.13-gke.1109000",
              "1.29.13-gke.1038000",
              "1.29.13-gke.1006000",
              "1.29.12-gke.1270000",
              "1.29.12-gke.1143001",
              "1.29.12-gke.1143000",
              "1.29.12-gke.1126000",
              "1.29.12-gke.1120001",
              "1.29.12-gke.1120000",
              "1.29.12-gke.1055001",
              "1.29.12-gke.1055000",
              "1.29.11-gke.1045000",
              "1.29.11-gke.1012000",
              "1.29.10-gke.1280000",
              "1.29.10-gke.1227000",
              "1.29.10-gke.1155000",
              "1.29.10-gke.1071000",
              "1.29.10-gke.1054000",
              "1.29.10-gke.1043000",
              "1.29.9-gke.1541000",
              "1.29.9-gke.1496000",
              "1.29.9-gke.1341000",
              "1.29.9-gke.1177000",
              "1.29.8-gke.1278000",
              "1.29.8-gke.1211000",
              "1.29.8-gke.1157000",
              "1.29.8-gke.1096000",
              "1.29.8-gke.1057000",
              "1.29.8-gke.1031000",
              "1.29.7-gke.1274000",
              "1.29.7-gke.1174000",
              "1.29.7-gke.1104000",
              "1.29.7-gke.1008000",
              "1.29.6-gke.1326000",
              "1.29.6-gke.1254000",
              "1.29.6-gke.1137000",
              "1.29.6-gke.1038001",
              "1.29.6-gke.1038000",
              "1.29.5-gke.1192000",
              "1.29.5-gke.1121000",
              "1.29.5-gke.1091002",
              "1.29.5-gke.1091001",
              "1.29.5-gke.1091000",
              "1.29.5-gke.1060001",
              "1.29.5-gke.1060000",
              "1.29.5-gke.1010000",
              "1.29.4-gke.1670000",
              "1.29.4-gke.1542000",
              "1.29.4-gke.1447001",
              "1.29.4-gke.1447000",
              "1.29.4-gke.1165000",
              "1.29.4-gke.1043004",
              "1.29.4-gke.1043002",
              "1.29.4-gke.1043001",
              "1.29.4-gke.1043000",
              "1.29.3-gke.1282005",
              "1.29.3-gke.1282001",
              "1.29.3-gke.1282000",
              "1.29.3-gke.1093006",
              "1.29.3-gke.1093000",
              "1.29.2-gke.1521000",
              "1.29.2-gke.1217000",
              "1.29.2-gke.1060000",
              "1.29.1-gke.1589020",
              "1.29.1-gke.1589018",
              "1.29.1-gke.1589017",
              "1.29.1-gke.1589000",
              "1.29.1-gke.1575000",
              "1.29.1-gke.1425000",
              "1.29.1-gke.1016000",
              "1.29.0-gke.1381000",
              "1.28.15-gke.1844000",
              "1.28.15-gke.1781000",
              "1.28.15-gke.1720000",
              "1.28.15-gke.1673000",
              "1.28.15-gke.1641000",
              "1.28.15-gke.1612000",
              "1.28.15-gke.1503000",
              "1.28.15-gke.1488000",
              "1.28.15-gke.1480000",
              "1.28.15-gke.1435000",
              "1.28.15-gke.1388000",
              "1.28.15-gke.1362000",
              "1.28.15-gke.1344000",
              "1.28.15-gke.1342000",
              "1.28.15-gke.1159000",
              "1.28.15-gke.1080000",
              "1.28.15-gke.1041000",
              "1.28.15-gke.1020000",
              "1.28.15-gke.1015000",
              "1.28.14-gke.1376000",
              "1.28.14-gke.1340000",
              "1.28.14-gke.1217000",
              "1.28.14-gke.1175000",
              "1.28.14-gke.1099000",
              "1.28.14-gke.1004000",
              "1.28.13-gke.1119000",
              "1.28.13-gke.1078000",
              "1.28.13-gke.1049000",
              "1.28.13-gke.1042000",
              "1.28.13-gke.1024000",
              "1.28.13-gke.1006000",
              "1.28.12-gke.1179000",
              "1.28.12-gke.1090000",
              "1.28.12-gke.1052000",
              "1.28.11-gke.1315000",
              "1.28.11-gke.1289000",
              "1.28.11-gke.1260000",
              "1.28.11-gke.1172000",
              "1.28.11-gke.1170000",
              "1.28.11-gke.1019001",
              "1.28.11-gke.1019000",
              "1.28.10-gke.1148001",
              "1.28.10-gke.1148000",
              "1.28.10-gke.1141000",
              "1.28.10-gke.1089002",
              "1.28.10-gke.1089000",
              "1.28.10-gke.1075001",
              "1.28.10-gke.1075000",
              "1.28.10-gke.1058001",
              "1.28.10-gke.1058000",
              "1.28.10-gke.1012000",
              "1.28.9-gke.1289002",
              "1.28.9-gke.1289000",
              "1.28.9-gke.1250000",
              "1.28.9-gke.1209001",
              "1.28.9-gke.1209000",
              "1.28.9-gke.1069002",
              "1.28.9-gke.1069000",
              "1.28.9-gke.1000000",
              "1.28.8-gke.1175000",
              "1.28.8-gke.1095000",
              "1.28.7-gke.1226000",
              "1.28.7-gke.1026001",
              "1.28.7-gke.1026000",
              "1.28.6-gke.1456000",
              "1.28.6-gke.1369000",
              "1.28.6-gke.1289000",
              "1.28.6-gke.1095000",
              "1.28.5-gke.1217000",
              "1.28.4-gke.1083000",
              "1.28.3-gke.1286000",
              "1.28.3-gke.1203001",
              "1.28.3-gke.1203000",
              "1.28.3-gke.1118000",
              "1.28.3-gke.1098000",
              "1.28.3-gke.1090000",
              "1.28.2-gke.1157000",
              "1.27.16-gke.2451000",
              "1.27.16-gke.2440000",
              "1.27.16-gke.2387000",
              "1.27.16-gke.2342000",
              "1.27.16-gke.2296000",
              "1.27.16-gke.2270000",
              "1.27.16-gke.2246000",
              "1.27.16-gke.2142000",
              "1.27.16-gke.2122000",
              "1.27.16-gke.2081000",
              "1.27.16-gke.2051000",
              "1.27.16-gke.2027000",
              "1.27.16-gke.2019000",
              "1.27.16-gke.1836000",
              "1.27.16-gke.1784000",
              "1.27.16-gke.1742000",
              "1.27.16-gke.1712000",
              "1.27.16-gke.1681000",
              "1.27.16-gke.1576000",
              "1.27.16-gke.1478000",
              "1.27.16-gke.1373000",
              "1.27.16-gke.1342000",
              "1.27.16-gke.1296000",
              "1.27.16-gke.1287000",
              "1.27.16-gke.1258000",
              "1.27.16-gke.1234001",
              "1.27.16-gke.1234000",
              "1.27.16-gke.1148001",
              "1.27.16-gke.1148000",
              "1.27.16-gke.1082000",
              "1.27.16-gke.1051001",
              "1.27.16-gke.1051000",
              "1.27.16-gke.1008000",
              "1.27.15-gke.1252000",
              "1.27.15-gke.1154000",
              "1.27.15-gke.1125000",
              "1.27.15-gke.1012003",
              "1.27.15-gke.1012000",
              "1.27.14-gke.1100002",
              "1.27.14-gke.1100000",
              "1.27.14-gke.1093000",
              "1.27.14-gke.1059002",
              "1.27.14-gke.1059001",
              "1.27.14-gke.1059000",
              "1.27.14-gke.1042001",
              "1.27.14-gke.1042000",
              "1.27.14-gke.1022001",
              "1.27.14-gke.1022000",
              "1.27.14-gke.1011000",
              "1.27.13-gke.1201002",
              "1.27.13-gke.1201000",
              "1.27.13-gke.1166001",
              "1.27.13-gke.1166000",
              "1.27.13-gke.1070002",
              "1.27.13-gke.1070000",
              "1.27.13-gke.1000000",
              "1.27.12-gke.1190000",
              "1.27.12-gke.1115000",
              "1.27.11-gke.1202000",
              "1.27.11-gke.1118000",
              "1.27.11-gke.1062004",
              "1.27.11-gke.1062003",
              "1.27.11-gke.1062001",
              "1.27.11-gke.1062000",
              "1.27.11-gke.1018000",
              "1.27.10-gke.1207000",
              "1.27.10-gke.1152000",
              "1.27.10-gke.1055000",
              "1.27.9-gke.1092000",
              "1.27.8-gke.1067004",
              "1.27.8-gke.1067000",
              "1.27.7-gke.1293000",
              "1.27.7-gke.1121002",
              "1.27.7-gke.1121000",
              "1.27.7-gke.1088000",
              "1.27.7-gke.1056000",
              "1.27.7-gke.1038000",
              "1.27.6-gke.1506000",
              "1.27.6-gke.1445000",
              "1.27.6-gke.1248000",
              "1.27.5-gke.200",
              "1.27.4-gke.900",
              "1.27.3-gke.1700",
              "1.27.3-gke.100",
              "1.27.2-gke.2100",
              "1.27.2-gke.1200",
              "1.26.15-gke.1469001",
              "1.26.15-gke.1469000",
              "1.26.15-gke.1436000",
              "1.26.15-gke.1404002",
              "1.26.15-gke.1404000",
              "1.26.15-gke.1390001",
              "1.26.15-gke.1390000",
              "1.26.15-gke.1381001",
              "1.26.15-gke.1381000",
              "1.26.15-gke.1372001",
              "1.26.15-gke.1360000",
              "1.26.15-gke.1320002",
              "1.26.15-gke.1320000",
              "1.26.15-gke.1300001",
              "1.26.15-gke.1300000",
              "1.26.15-gke.1243000",
              "1.26.15-gke.1191001",
              "1.26.15-gke.1191000",
              "1.26.15-gke.1158000",
              "1.26.15-gke.1090004",
              "1.26.15-gke.1090000",
              "1.26.14-gke.1133000",
              "1.26.14-gke.1076000",
              "1.26.14-gke.1044001",
              "1.26.14-gke.1044000",
              "1.26.14-gke.1006000",
              "1.26.13-gke.1189000",
              "1.26.13-gke.1144000",
              "1.26.13-gke.1052000",
              "1.26.12-gke.1111000",
              "1.26.11-gke.1055000",
              "1.26.10-gke.1235000",
              "1.26.10-gke.1101000",
              "1.26.10-gke.1073000",
              "1.26.10-gke.1038000",
              "1.26.10-gke.1024000",
              "1.26.9-gke.1507000",
              "1.26.9-gke.1437000",
              "1.26.8-gke.200",
              "1.26.7-gke.500",
              "1.26.6-gke.1700",
              "1.26.5-gke.2700",
              "1.26.5-gke.2100",
              "1.26.5-gke.1400",
              "1.26.5-gke.1200",
              "1.26.4-gke.1400",
              "1.26.4-gke.500",
              "1.26.3-gke.1000",
              "1.26.3-gke.400",
              "1.26.2-gke.1000",
              "1.26.1-gke.1500",
              "1.25.16-gke.1759000",
              "1.25.16-gke.1711000",
              "1.25.16-gke.1648000",
              "1.25.16-gke.1596000",
              "1.25.16-gke.1570000",
              "1.25.16-gke.1537000",
              "1.25.16-gke.1497000",
              "1.25.16-gke.1460000",
              "1.25.16-gke.1360000",
              "1.25.16-gke.1268000",
              "1.25.16-gke.1041000",
              "1.25.16-gke.1020000",
              "1.25.15-gke.1115000",
              "1.25.15-gke.1083000",
              "1.25.15-gke.1049000",
              "1.25.15-gke.1033000",
              "1.25.14-gke.1474000",
              "1.25.14-gke.1421000",
              "1.25.13-gke.200",
              "1.25.12-gke.500",
              "1.25.11-gke.1700",
              "1.25.10-gke.2700",
              "1.25.10-gke.2100",
              "1.25.10-gke.1400",
              "1.25.10-gke.1200",
              "1.25.9-gke.2300",
              "1.25.9-gke.400",
              "1.25.8-gke.1000",
              "1.25.8-gke.500",
              "1.25.7-gke.1000",
              "1.25.6-gke.1000",
              "1.25.6-gke.200",
              "1.25.5-gke.2000",
              "1.25.5-gke.1500",
              "1.25.4-gke.2100",
              "1.25.3-gke.800",
              "1.24.17-gke.2472000",
              "1.24.17-gke.2364000",
              "1.24.17-gke.2347000",
              "1.24.17-gke.2266000",
              "1.24.17-gke.2230000",
              "1.24.17-gke.2211000",
              "1.24.17-gke.2198000",
              "1.24.17-gke.2155000",
              "1.24.17-gke.2113000",
              "1.24.17-gke.200",
              "1.24.16-gke.500",
              "1.24.15-gke.1700",
              "1.24.14-gke.2700",
              "1.24.14-gke.2100",
              "1.24.14-gke.1400",
              "1.24.14-gke.1200",
              "1.24.13-gke.2500",
              "1.24.13-gke.500",
              "1.24.12-gke.1000",
              "1.24.12-gke.500",
              "1.24.11-gke.1000",
              "1.24.10-gke.2300",
              "1.24.10-gke.1200",
              "1.24.9-gke.3200",
              "1.24.9-gke.2000",
              "1.24.9-gke.1500",
              "1.24.8-gke.2000",
              "1.24.8-gke.401",
              "1.24.7-gke.900",
              "1.24.6-gke.1500",
              "1.24.5-gke.600",
              "1.24.4-gke.800",
              "1.24.3-gke.2100",
              "1.24.3-gke.900",
              "1.24.3-gke.200",
              "1.24.2-gke.1900",
              "1.24.2-gke.300",
              "1.24.1-gke.1800",
              "1.24.1-gke.1400",
              "1.23.17-gke.10700",
              "1.23.17-gke.10000",
              "1.23.17-gke.8400",
              "1.23.17-gke.7700",
              "1.23.17-gke.7000",
              "1.23.17-gke.6800",
              "1.23.17-gke.5600",
              "1.23.17-gke.3600",
              "1.23.17-gke.2000",
              "1.23.17-gke.1700",
              "1.23.17-gke.300",
              "1.23.16-gke.2500",
              "1.23.16-gke.1400",
              "1.23.16-gke.1100",
              "1.23.16-gke.200",
              "1.23.15-gke.1900",
              "1.23.15-gke.1400",
              "1.23.14-gke.1800",
              "1.23.14-gke.401",
              "1.23.13-gke.900",
              "1.23.12-gke.1600",
              "1.23.12-gke.100",
              "1.23.11-gke.300",
              "1.23.10-gke.1000",
              "1.23.9-gke.2100",
              "1.23.9-gke.900",
              "1.23.8-gke.1900",
              "1.23.8-gke.400",
              "1.23.7-gke.1400",
              "1.23.6-gke.2200",
              "1.23.6-gke.1700",
              "1.23.6-gke.1501",
              "1.23.6-gke.1500",
              "1.23.5-gke.2400",
              "1.23.5-gke.1503",
              "1.23.5-gke.1501",
              "1.22.17-gke.14100",
              "1.22.17-gke.13400",
              "1.22.17-gke.12700",
              "1.22.17-gke.11400",
              "1.22.17-gke.9400",
              "1.22.17-gke.8000",
              "1.22.17-gke.7500",
              "1.22.17-gke.6100",
              "1.22.17-gke.5400",
              "1.22.17-gke.4300",
              "1.22.17-gke.4000",
              "1.22.17-gke.3100",
              "1.22.17-gke.1900",
              "1.22.17-gke.1400",
              "1.22.16-gke.2000",
              "1.22.16-gke.1300",
              "1.22.15-gke.2500",
              "1.22.15-gke.1000",
              "1.22.15-gke.100",
              "1.22.14-gke.300",
              "1.22.13-gke.1000",
              "1.22.12-gke.2300",
              "1.22.12-gke.1200",
              "1.22.12-gke.500",
              "1.22.12-gke.300",
              "1.22.11-gke.400",
              "1.22.10-gke.600",
              "1.22.9-gke.2000",
              "1.22.9-gke.1500",
              "1.22.9-gke.1300",
              "1.22.8-gke.2200",
              "1.22.8-gke.202",
              "1.22.8-gke.201",
              "1.22.8-gke.200",
              "1.22.7-gke.1500",
              "1.22.7-gke.1300",
              "1.22.7-gke.900",
              "1.22.7-gke.300",
              "1.22.6-gke.1000",
              "1.22.6-gke.300",
              "1.22.4-gke.1501",
              "1.22.3-gke.1500",
              "1.21.14-gke.18800",
              "1.21.14-gke.18100",
              "1.21.14-gke.15800",
              "1.21.14-gke.14600",
              "1.21.14-gke.14100",
              "1.21.14-gke.8500",
              "1.21.14-gke.7100",
              "1.21.14-gke.5300",
              "1.21.14-gke.4300",
              "1.21.14-gke.3000",
              "1.21.14-gke.2700",
              "1.21.14-gke.2100",
              "1.21.14-gke.700",
              "1.21.13-gke.900",
              "1.21.12-gke.2200",
              "1.21.12-gke.1700",
              "1.21.12-gke.1500",
              "1.21.11-gke.1900",
              "1.21.11-gke.1100",
              "1.21.11-gke.900",
              "1.21.10-gke.2000",
              "1.21.10-gke.1500",
              "1.21.10-gke.1300",
              "1.21.10-gke.400",
              "1.21.9-gke.1002",
              "1.21.9-gke.1001",
              "1.21.9-gke.1000",
              "1.21.9-gke.300",
              "1.21.6-gke.1503",
              "1.21.6-gke.1501",
              "1.21.6-gke.1500",
              "1.21.5-gke.1805",
              "1.21.5-gke.1802",
              "1.21.5-gke.1302",
              "1.21.5-gke.1300",
              "1.21.4-gke.2302",
              "1.21.4-gke.2300",
              "1.21.3-gke.2003",
              "1.21.3-gke.2001",
              "1.20.15-gke.13700",
              "1.20.15-gke.13400",
              "1.20.15-gke.12800",
              "1.20.15-gke.11400",
              "1.20.15-gke.9900",
              "1.20.15-gke.8700",
              "1.20.15-gke.8200",
              "1.20.15-gke.8000",
              "1.20.15-gke.6000",
              "1.20.15-gke.5200",
              "1.20.15-gke.5000",
              "1.20.15-gke.4100",
              "1.20.15-gke.3600",
              "1.20.15-gke.3400",
              "1.20.15-gke.2500",
              "1.20.15-gke.1000",
              "1.20.15-gke.300",
              "1.20.12-gke.1500",
              "1.20.11-gke.1801",
              "1.20.11-gke.1300",
              "1.20.10-gke.2100",
              "1.20.10-gke.1600",
              "1.20.10-gke.301",
              "1.20.9-gke.2100",
              "1.20.9-gke.1001",
              "1.20.9-gke.1000",
              "1.20.9-gke.701",
              "1.20.9-gke.700",
              "1.20.8-gke.2101",
              "1.20.8-gke.2100",
              "1.20.8-gke.900",
              "1.20.8-gke.700",
              "1.20.7-gke.2200",
              "1.20.7-gke.1800",
              "1.20.6-gke.1400",
              "1.20.6-gke.1000",
              "1.19.16-gke.15700",
              "1.19.16-gke.14500",
              "1.19.16-gke.14000",
              "1.19.16-gke.13800",
              "1.19.16-gke.11800",
              "1.19.16-gke.11000",
              "1.19.16-gke.10800",
              "1.19.16-gke.9900",
              "1.19.16-gke.9400",
              "1.19.16-gke.9200",
              "1.19.16-gke.8300",
              "1.19.16-gke.6800",
              "1.19.16-gke.6100",
              "1.19.16-gke.3600",
              "1.19.15-gke.1801",
              "1.19.15-gke.1300",
              "1.19.15-gke.500",
              "1.19.14-gke.2300",
              "1.19.14-gke.1900",
              "1.19.14-gke.301",
              "1.19.14-gke.300",
              "1.19.13-gke.1900",
              "1.19.13-gke.1200",
              "1.19.13-gke.701",
              "1.19.13-gke.700",
              "1.19.12-gke.2101",
              "1.19.12-gke.2100",
              "1.19.12-gke.1100",
              "1.19.12-gke.900",
              "1.19.12-gke.700",
              "1.19.11-gke.2101",
              "1.19.11-gke.2100",
              "1.19.11-gke.1701",
              "1.19.11-gke.1700",
              "1.19.10-gke.1701",
              "1.19.10-gke.1700",
              "1.19.10-gke.1601",
              "1.19.10-gke.1600",
              "1.19.10-gke.1001",
              "1.19.10-gke.1000",
              "1.19.9-gke.1900",
              "1.19.9-gke.1400",
              "1.19.9-gke.700",
              "1.19.9-gke.100",
              "1.19.8-gke.2000",
              "1.19.8-gke.1600",
              "1.19.8-gke.1000",
              "1.19.7-gke.2503",
              "1.19.7-gke.1500",
              "1.19.7-gke.1302",
              "1.19.7-gke.800",
              "1.19.6-gke.1700",
              "1.19.6-gke.1100",
              "1.19.6-gke.600",
              "1.18.20-gke.6101",
              "1.18.20-gke.6000",
              "1.18.20-gke.4501",
              "1.18.20-gke.4500",
              "1.18.20-gke.4100",
              "1.18.20-gke.3300",
              "1.18.20-gke.3001",
              "1.18.20-gke.3000",
              "1.18.20-gke.2300",
              "1.18.20-gke.901",
              "1.18.20-gke.900",
              "1.18.20-gke.501",
              "1.18.19-gke.2101",
              "1.18.19-gke.2100",
              "1.18.19-gke.1701",
              "1.18.19-gke.1700",
              "1.18.18-gke.1701",
              "1.18.18-gke.1700",
              "1.18.18-gke.1101",
              "1.18.18-gke.1100",
              "1.18.17-gke.1901",
              "1.18.17-gke.1900",
              "1.18.17-gke.1201",
              "1.18.17-gke.1200",
              "1.18.17-gke.700",
              "1.18.17-gke.100",
              "1.18.16-gke.2100",
              "1.18.16-gke.1201",
              "1.18.16-gke.1200",
              "1.18.16-gke.502",
              "1.18.16-gke.500",
              "1.18.16-gke.302",
              "1.18.16-gke.300",
              "1.18.15-gke.2500",
              "1.18.15-gke.1502",
              "1.18.15-gke.1501",
              "1.18.15-gke.1500",
              "1.18.15-gke.1102",
              "1.18.15-gke.1100",
              "1.18.15-gke.800",
              "1.18.14-gke.1600",
              "1.18.14-gke.1200",
              "1.18.12-gke.1210",
              "1.18.12-gke.1206",
              "1.18.12-gke.1205",
              "1.18.12-gke.1201",
              "1.18.12-gke.1200",
              "1.18.12-gke.300",
              "1.18.10-gke.2701",
              "1.18.10-gke.2101",
              "1.18.10-gke.1500",
              "1.18.10-gke.601",
              "1.18.9-gke.2501",
              "1.18.9-gke.1501",
              "1.18.9-gke.801",
              "1.18.6-gke.4801",
              "1.18.6-gke.3504",
              "1.18.6-gke.3503",
              "1.17.17-gke.9100",
              "1.17.17-gke.8500",
              "1.17.17-gke.8200",
              "1.17.17-gke.7800",
              "1.17.17-gke.7200",
              "1.17.17-gke.6700",
              "1.17.17-gke.6000",
              "1.17.17-gke.5400",
              "1.17.17-gke.4900",
              "1.17.17-gke.4400",
              "1.17.17-gke.3700",
              "1.17.17-gke.3000",
              "1.17.17-gke.2800",
              "1.17.17-gke.2500",
              "1.17.17-gke.1500",
              "1.17.17-gke.1101",
              "1.17.17-gke.1100",
              "1.17.17-gke.600",
              "1.17.16-gke.1600",
              "1.17.16-gke.1300",
              "1.17.15-gke.800",
              "1.17.15-gke.300",
              "1.17.14-gke.1600",
              "1.17.14-gke.1200",
              "1.17.14-gke.400",
              "1.17.13-gke.2600",
              "1.17.13-gke.2001",
              "1.17.13-gke.1401",
              "1.17.13-gke.1400",
              "1.17.13-gke.600",
              "1.17.12-gke.2502",
              "1.17.12-gke.1504",
              "1.17.12-gke.1501",
              "1.17.12-gke.500",
              "1.17.9-gke.6300",
              "1.17.9-gke.1504",
              "1.16.15-gke.14800",
              "1.16.15-gke.12500",
              "1.16.15-gke.11800",
              "1.16.15-gke.10600",
              "1.16.15-gke.7801",
              "1.16.15-gke.7800",
              "1.16.15-gke.7300",
              "1.16.15-gke.6900",
              "1.16.15-gke.6000",
              "1.16.15-gke.5500",
              "1.16.15-gke.4901",
              "1.16.15-gke.4301",
              "1.16.15-gke.4300",
              "1.16.15-gke.3500",
              "1.16.15-gke.2601",
              "1.16.15-gke.1600",
              "1.16.15-gke.500",
              "1.16.13-gke.404",
              "1.16.13-gke.403",
              "1.16.13-gke.401",
              "1.16.13-gke.400",
              "1.16.13-gke.1",
              "1.16.11-gke.5",
              "1.16.10-gke.8",
              "1.16.9-gke.6",
              "1.16.9-gke.2",
              "1.16.8-gke.15",
              "1.16.8-gke.12",
              "1.16.8-gke.9",
              "1.15.12-gke.6002",
              "1.15.12-gke.6001",
              "1.15.12-gke.5000",
              "1.15.12-gke.4002",
              "1.15.12-gke.4000",
              "1.15.12-gke.20",
              "1.15.12-gke.17",
              "1.15.12-gke.16",
              "1.15.12-gke.13",
              "1.15.12-gke.9",
              "1.15.12-gke.6",
              "1.15.12-gke.3",
              "1.15.12-gke.2",
              "1.15.11-gke.17",
              "1.15.11-gke.15",
              "1.15.11-gke.13",
              "1.15.11-gke.12",
              "1.15.11-gke.11",
              "1.15.11-gke.9",
              "1.15.11-gke.5",
              "1.15.11-gke.3",
              "1.15.11-gke.1",
              "1.15.9-gke.26",
              "1.15.9-gke.24",
              "1.15.9-gke.22",
              "1.15.9-gke.12",
              "1.15.9-gke.9",
              "1.15.9-gke.8",
              "1.15.8-gke.3",
              "1.15.8-gke.2",
              "1.15.7-gke.23",
              "1.15.7-gke.2",
              "1.15.4-gke.22",
              "1.14.10-gke.1504",
              "1.14.10-gke.902",
              "1.14.10-gke.50",
              "1.14.10-gke.46",
              "1.14.10-gke.45",
              "1.14.10-gke.42",
              "1.14.10-gke.41",
              "1.14.10-gke.40",
              "1.14.10-gke.37",
              "1.14.10-gke.36",
              "1.14.10-gke.34",
              "1.14.10-gke.32",
              "1.14.10-gke.31",
              "1.14.10-gke.27",
              "1.14.10-gke.24",
              "1.14.10-gke.22",
              "1.14.10-gke.21",
              "1.14.10-gke.17",
              "1.14.10-gke.0",
              "1.14.9-gke.23",
              "1.14.9-gke.2",
              "1.14.9-gke.0",
              "1.14.8-gke.33",
              "1.14.8-gke.21",
              "1.14.8-gke.18",
              "1.14.8-gke.17",
              "1.14.8-gke.14",
              "1.14.8-gke.12",
              "1.14.8-gke.7",
              "1.14.8-gke.2",
              "1.14.7-gke.40",
              "1.14.7-gke.25",
              "1.14.7-gke.23",
              "1.14.7-gke.17",
              "1.14.7-gke.14",
              "1.14.7-gke.10",
              "1.14.6-gke.13",
              "1.14.6-gke.2",
              "1.14.6-gke.1",
              "1.14.3-gke.11",
              "1.14.3-gke.10",
              "1.14.3-gke.9",
              "1.14.2-gke.9",
              "1.14.1-gke.5",
              "1.13.12-gke.30",
              "1.13.12-gke.25",
              "1.13.12-gke.17",
              "1.13.12-gke.16",
              "1.13.12-gke.14",
              "1.13.12-gke.13",
              "1.13.12-gke.10",
              "1.13.12-gke.8",
              "1.13.12-gke.4",
              "1.13.12-gke.2",
              "1.13.11-gke.23",
              "1.13.11-gke.15",
              "1.13.11-gke.14",
              "1.13.11-gke.12",
              "1.13.11-gke.11",
              "1.13.11-gke.9",
              "1.13.11-gke.5",
              "1.13.10-gke.7",
              "1.13.10-gke.0",
              "1.13.9-gke.11",
              "1.13.9-gke.3",
              "1.13.7-gke.24",
              "1.13.7-gke.19",
              "1.13.7-gke.15",
              "1.13.7-gke.8",
              "1.13.7-gke.0",
              "1.13.6-gke.13",
              "1.13.6-gke.6",
              "1.13.6-gke.5",
              "1.13.6-gke.0",
              "1.13.5-gke.10",
              "1.12.10-gke.22",
              "1.12.10-gke.20",
              "1.12.10-gke.19",
              "1.12.10-gke.18",
              "1.12.10-gke.17",
              "1.12.10-gke.15",
              "1.12.10-gke.13",
              "1.12.10-gke.11",
              "1.12.10-gke.5",
              "1.12.9-gke.16",
              "1.12.9-gke.15",
              "1.12.9-gke.13",
              "1.12.9-gke.10",
              "1.12.9-gke.7",
              "1.12.9-gke.3",
              "1.12.8-gke.12",
              "1.12.8-gke.10",
              "1.12.8-gke.7",
              "1.12.8-gke.6",
              "1.12.7-gke.26",
              "1.12.7-gke.25",
              "1.12.7-gke.24",
              "1.12.7-gke.22",
              "1.12.7-gke.21",
              "1.12.7-gke.17",
              "1.12.7-gke.10",
              "1.12.7-gke.7",
              "1.12.6-gke.11",
              "1.12.6-gke.10",
              "1.12.6-gke.7",
              "1.12.5-gke.10",
              "1.12.5-gke.5",
              "1.11.10-gke.6",
              "1.11.10-gke.5"
            ],
            "version_prefix": null
          },
          "sensitive_attributes": []
        }
      ]
    },
    {
      "module": "module.kubernetes_engine",
      "mode": "data",
      "type": "google_container_engine_versions",
      "name": "zone",
      "provider": "provider[\"registry.terraform.io/hashicorp/google\"]",
      "instances": [
        {
          "schema_version": 0,
          "attributes": {
            "default_cluster_version": "1.31.5-gke.1068000",
            "id": "2025-02-25 11:26:19.6930829 +0000 UTC",
            "latest_master_version": "1.32.1-gke.1729000",
            "latest_node_version": "1.32.1-gke.1729000",
            "location": "us-central1-a",
            "project": "bcs-test-450214",
            "release_channel_default_version": {
              "EXTENDED": "1.31.5-gke.1068000",
              "RAPID": "1.32.1-gke.1489001",
              "REGULAR": "1.31.5-gke.1068000",
              "STABLE": "1.30.8-gke.1261000"
            },
            "release_channel_latest_version": {
              "EXTENDED": "1.32.1-gke.1357001",
              "RAPID": "1.32.1-gke.1729000",
              "REGULAR": "1.32.1-gke.1357001",
              "STABLE": "1.31.5-gke.1023000"
            },
            "valid_master_versions": [
              "1.32.1-gke.1729000",
              "1.32.1-gke.1489001",
              "1.32.1-gke.1357001",
              "1.32.1-gke.1200003",
              "1.31.6-gke.1020000",
              "1.31.5-gke.1233000",
              "1.31.5-gke.1169000",
              "1.31.5-gke.1068000",
              "1.31.5-gke.1023000",
              "1.31.4-gke.1372000",
              "1.30.10-gke.1022000",
              "1.30.9-gke.1231000",
              "1.30.9-gke.1201000",
              "1.30.9-gke.1127000",
              "1.30.9-gke.1046000",
              "1.30.9-gke.1009000",
              "1.30.8-gke.1261000",
              "1.30.8-gke.1162001",
              "1.29.14-gke.1018000",
              "1.29.13-gke.1169000",
              "1.29.13-gke.1109000",
              "1.29.13-gke.1038000",
              "1.29.13-gke.1006000",
              "1.29.12-gke.1270000"
            ],
            "valid_node_versions": [
              "1.32.1-gke.1729000",
              "1.32.1-gke.1489001",
              "1.32.1-gke.1357001",
              "1.32.1-gke.1200003",
              "1.31.6-gke.1020000",
              "1.31.5-gke.1233000",
              "1.31.5-gke.1169000",
              "1.31.5-gke.1068000",
              "1.31.5-gke.1023000",
              "1.31.4-gke.1372000",
              "1.31.4-gke.1256000",
              "1.31.4-gke.1249000",
              "1.31.4-gke.1183000",
              "1.31.4-gke.1177000",
              "1.31.4-gke.1072000",
              "1.31.3-gke.1162000",
              "1.31.3-gke.1121001",
              "1.31.3-gke.1056000",
              "1.31.3-gke.1023000",
              "1.31.3-gke.1006000",
              "1.31.2-gke.1518000",
              "1.31.2-gke.1384000",
              "1.31.2-gke.1354000",
              "1.31.2-gke.1115000",
              "1.31.1-gke.2105000",
              "1.31.1-gke.2008000",
              "1.31.1-gke.1846000",
              "1.31.1-gke.1678000",
              "1.31.1-gke.1146000",
              "1.30.10-gke.1022000",
              "1.30.9-gke.1231000",
              "1.30.9-gke.1201000",
              "1.30.9-gke.1127000",
              "1.30.9-gke.1046000",
              "1.30.9-gke.1027000",
              "1.30.9-gke.1009000",
              "1.30.8-gke.1282000",
              "1.30.8-gke.1261000",
              "1.30.8-gke.1224000",
              "1.30.8-gke.1162001",
              "1.30.8-gke.1162000",
              "1.30.8-gke.1133000",
              "1.30.8-gke.1128001",
              "1.30.8-gke.1128000",
              "1.30.8-gke.1051001",
              "1.30.8-gke.1051000",
              "1.30.7-gke.1136000",
              "1.30.7-gke.1084000",
              "1.30.7-gke.1077000",
              "1.30.6-gke.1596000",
              "1.30.6-gke.1125000",
              "1.30.6-gke.1059000",
              "1.30.5-gke.1713000",
              "1.30.5-gke.1699000",
              "1.30.5-gke.1628000",
              "1.30.5-gke.1443001",
              "1.30.5-gke.1355000",
              "1.30.5-gke.1145000",
              "1.30.5-gke.1014003",
              "1.30.5-gke.1014001",
              "1.30.5-gke.1014000",
              "1.30.4-gke.1476000",
              "1.30.4-gke.1348001",
              "1.30.4-gke.1348000",
              "1.30.4-gke.1282000",
              "1.30.4-gke.1213000",
              "1.30.4-gke.1129000",
              "1.30.3-gke.1969002",
              "1.30.3-gke.1969001",
              "1.30.3-gke.1639000",
              "1.30.3-gke.1451000",
              "1.30.3-gke.1225000",
              "1.30.2-gke.1587003",
              "1.30.1-gke.1329003",
              "1.29.14-gke.1018000",
              "1.29.13-gke.1169000",
              "1.29.13-gke.1109000",
              "1.29.13-gke.1038000",
              "1.29.13-gke.1006000",
              "1.29.12-gke.1270000",
              "1.29.12-gke.1143001",
              "1.29.12-gke.1143000",
              "1.29.12-gke.1126000",
              "1.29.12-gke.1120001",
              "1.29.12-gke.1120000",
              "1.29.12-gke.1055001",
              "1.29.12-gke.1055000",
              "1.29.11-gke.1045000",
              "1.29.11-gke.1012000",
              "1.29.10-gke.1280000",
              "1.29.10-gke.1227000",
              "1.29.10-gke.1155000",
              "1.29.10-gke.1071000",
              "1.29.10-gke.1054000",
              "1.29.10-gke.1043000",
              "1.29.9-gke.1541000",
              "1.29.9-gke.1496000",
              "1.29.9-gke.1341000",
              "1.29.9-gke.1177000",
              "1.29.8-gke.1278000",
              "1.29.8-gke.1211000",
              "1.29.8-gke.1157000",
              "1.29.8-gke.1096000",
              "1.29.8-gke.1057000",
              "1.29.8-gke.1031000",
              "1.29.7-gke.1274000",
              "1.29.7-gke.1174000",
              "1.29.7-gke.1104000",
              "1.29.7-gke.1008000",
              "1.29.6-gke.1326000",
              "1.29.6-gke.1254000",
              "1.29.6-gke.1137000",
              "1.29.6-gke.1038001",
              "1.29.6-gke.1038000",
              "1.29.5-gke.1192000",
              "1.29.5-gke.1121000",
              "1.29.5-gke.1091002",
              "1.29.5-gke.1091001",
              "1.29.5-gke.1091000",
              "1.29.5-gke.1060001",
              "1.29.5-gke.1060000",
              "1.29.5-gke.1010000",
              "1.29.4-gke.1670000",
              "1.29.4-gke.1542000",
              "1.29.4-gke.1447001",
              "1.29.4-gke.1447000",
              "1.29.4-gke.1165000",
              "1.29.4-gke.1043004",
              "1.29.4-gke.1043002",
              "1.29.4-gke.1043001",
              "1.29.4-gke.1043000",
              "1.29.3-gke.1282005",
              "1.29.3-gke.1282001",
              "1.29.3-gke.1282000",
              "1.29.3-gke.1093006",
              "1.29.3-gke.1093000",
              "1.29.2-gke.1521000",
              "1.29.2-gke.1217000",
              "1.29.2-gke.1060000",
              "1.29.1-gke.1589020",
              "1.29.1-gke.1589018",
              "1.29.1-gke.1589017",
              "1.29.1-gke.1589000",
              "1.29.1-gke.1575000",
              "1.29.1-gke.1425000",
              "1.29.1-gke.1016000",
              "1.29.0-gke.1381000",
              "1.28.15-gke.1844000",
              "1.28.15-gke.1781000",
              "1.28.15-gke.1720000",
              "1.28.15-gke.1673000",
              "1.28.15-gke.1641000",
              "1.28.15-gke.1612000",
              "1.28.15-gke.1503000",
              "1.28.15-gke.1488000",
              "1.28.15-gke.1480000",
              "1.28.15-gke.1435000",
              "1.28.15-gke.1388000",
              "1.28.15-gke.1362000",
              "1.28.15-gke.1344000",
              "1.28.15-gke.1342000",
              "1.28.15-gke.1159000",
              "1.28.15-gke.1080000",
              "1.28.15-gke.1041000",
              "1.28.15-gke.1020000",
              "1.28.15-gke.1015000",
              "1.28.14-gke.1376000",
              "1.28.14-gke.1340000",
              "1.28.14-gke.1217000",
              "1.28.14-gke.1175000",
              "1.28.14-gke.1099000",
              "1.28.14-gke.1004000",
              "1.28.13-gke.1119000",
              "1.28.13-gke.1078000",
              "1.28.13-gke.1049000",
              "1.28.13-gke.1042000",
              "1.28.13-gke.1024000",
              "1.28.13-gke.1006000",
              "1.28.12-gke.1179000",
              "1.28.12-gke.1090000",
              "1.28.12-gke.1052000",
              "1.28.11-gke.1315000",
              "1.28.11-gke.1289000",
              "1.28.11-gke.1260000",
              "1.28.11-gke.1172000",
              "1.28.11-gke.1170000",
              "1.28.11-gke.1019001",
              "1.28.11-gke.1019000",
              "1.28.10-gke.1148001",
              "1.28.10-gke.1148000",
              "1.28.10-gke.1141000",
              "1.28.10-gke.1089002",
              "1.28.10-gke.1089000",
              "1.28.10-gke.1075001",
              "1.28.10-gke.1075000",
              "1.28.10-gke.1058001",
              "1.28.10-gke.1058000",
              "1.28.10-gke.1012000",
              "1.28.9-gke.1289002",
              "1.28.9-gke.1289000",
              "1.28.9-gke.1250000",
              "1.28.9-gke.1209001",
              "1.28.9-gke.1209000",
              "1.28.9-gke.1069002",
              "1.28.9-gke.1069000",
              "1.28.9-gke.1000000",
              "1.28.8-gke.1175000",
              "1.28.8-gke.1095000",
              "1.28.7-gke.1226000",
              "1.28.7-gke.1026001",
              "1.28.7-gke.1026000",
              "1.28.6-gke.1456000",
              "1.28.6-gke.1369000",
              "1.28.6-gke.1289000",
              "1.28.6-gke.1095000",
              "1.28.5-gke.1217000",
              "1.28.4-gke.1083000",
              "1.28.3-gke.1286000",
              "1.28.3-gke.1203001",
              "1.28.3-gke.1203000",
              "1.28.3-gke.1118000",
              "1.28.3-gke.1098000",
              "1.28.3-gke.1090000",
              "1.28.2-gke.1157000",
              "1.27.16-gke.2451000",
              "1.27.16-gke.2440000",
              "1.27.16-gke.2387000",
              "1.27.16-gke.2342000",
              "1.27.16-gke.2296000",
              "1.27.16-gke.2270000",
              "1.27.16-gke.2246000",
              "1.27.16-gke.2142000",
              "1.27.16-gke.2122000",
              "1.27.16-gke.2081000",
              "1.27.16-gke.2051000",
              "1.27.16-gke.2027000",
              "1.27.16-gke.2019000",
              "1.27.16-gke.1836000",
              "1.27.16-gke.1784000",
              "1.27.16-gke.1742000",
              "1.27.16-gke.1712000",
              "1.27.16-gke.1681000",
              "1.27.16-gke.1576000",
              "1.27.16-gke.1478000",
              "1.27.16-gke.1373000",
              "1.27.16-gke.1342000",
              "1.27.16-gke.1296000",
              "1.27.16-gke.1287000",
              "1.27.16-gke.1258000",
              "1.27.16-gke.1234001",
              "1.27.16-gke.1234000",
              "1.27.16-gke.1148001",
              "1.27.16-gke.1148000",
              "1.27.16-gke.1082000",
              "1.27.16-gke.1051001",
              "1.27.16-gke.1051000",
              "1.27.16-gke.1008000",
              "1.27.15-gke.1252000",
              "1.27.15-gke.1154000",
              "1.27.15-gke.1125000",
              "1.27.15-gke.1012003",
              "1.27.15-gke.1012000",
              "1.27.14-gke.1100002",
              "1.27.14-gke.1100000",
              "1.27.14-gke.1093000",
              "1.27.14-gke.1059002",
              "1.27.14-gke.1059001",
              "1.27.14-gke.1059000",
              "1.27.14-gke.1042001",
              "1.27.14-gke.1042000",
              "1.27.14-gke.1022001",
              "1.27.14-gke.1022000",
              "1.27.14-gke.1011000",
              "1.27.13-gke.1201002",
              "1.27.13-gke.1201000",
              "1.27.13-gke.1166001",
              "1.27.13-gke.1166000",
              "1.27.13-gke.1070002",
              "1.27.13-gke.1070000",
              "1.27.13-gke.1000000",
              "1.27.12-gke.1190000",
              "1.27.12-gke.1115000",
              "1.27.11-gke.1202000",
              "1.27.11-gke.1118000",
              "1.27.11-gke.1062004",
              "1.27.11-gke.1062003",
              "1.27.11-gke.1062001",
              "1.27.11-gke.1062000",
              "1.27.11-gke.1018000",
              "1.27.10-gke.1207000",
              "1.27.10-gke.1152000",
              "1.27.10-gke.1055000",
              "1.27.9-gke.1092000",
              "1.27.8-gke.1067004",
              "1.27.8-gke.1067000",
              "1.27.7-gke.1293000",
              "1.27.7-gke.1121002",
              "1.27.7-gke.1121000",
              "1.27.7-gke.1088000",
              "1.27.7-gke.1056000",
              "1.27.7-gke.1038000",
              "1.27.6-gke.1506000",
              "1.27.6-gke.1445000",
              "1.27.6-gke.1248000",
              "1.27.5-gke.200",
              "1.27.4-gke.900",
              "1.27.3-gke.1700",
              "1.27.3-gke.100",
              "1.27.2-gke.2100",
              "1.27.2-gke.1200",
              "1.26.15-gke.1469001",
              "1.26.15-gke.1469000",
              "1.26.15-gke.1436000",
              "1.26.15-gke.1404002",
              "1.26.15-gke.1404000",
              "1.26.15-gke.1390001",
              "1.26.15-gke.1390000",
              "1.26.15-gke.1381001",
              "1.26.15-gke.1381000",
              "1.26.15-gke.1372001",
              "1.26.15-gke.1360000",
              "1.26.15-gke.1320002",
              "1.26.15-gke.1320000",
              "1.26.15-gke.1300001",
              "1.26.15-gke.1300000",
              "1.26.15-gke.1243000",
              "1.26.15-gke.1191001",
              "1.26.15-gke.1191000",
              "1.26.15-gke.1158000",
              "1.26.15-gke.1090004",
              "1.26.15-gke.1090000",
              "1.26.14-gke.1133000",
              "1.26.14-gke.1076000",
              "1.26.14-gke.1044001",
              "1.26.14-gke.1044000",
              "1.26.14-gke.1006000",
              "1.26.13-gke.1189000",
              "1.26.13-gke.1144000",
              "1.26.13-gke.1052000",
              "1.26.12-gke.1111000",
              "1.26.11-gke.1055000",
              "1.26.10-gke.1235000",
              "1.26.10-gke.1101000",
              "1.26.10-gke.1073000",
              "1.26.10-gke.1038000",
              "1.26.10-gke.1024000",
              "1.26.9-gke.1507000",
              "1.26.9-gke.1437000",
              "1.26.8-gke.200",
              "1.26.7-gke.500",
              "1.26.6-gke.1700",
              "1.26.5-gke.2700",
              "1.26.5-gke.2100",
              "1.26.5-gke.1400",
              "1.26.5-gke.1200",
              "1.26.4-gke.1400",
              "1.26.4-gke.500",
              "1.26.3-gke.1000",
              "1.26.3-gke.400",
              "1.26.2-gke.1000",
              "1.26.1-gke.1500",
              "1.25.16-gke.1759000",
              "1.25.16-gke.1711000",
              "1.25.16-gke.1648000",
              "1.25.16-gke.1596000",
              "1.25.16-gke.1570000",
              "1.25.16-gke.1537000",
              "1.25.16-gke.1497000",
              "1.25.16-gke.1460000",
              "1.25.16-gke.1360000",
              "1.25.16-gke.1268000",
              "1.25.16-gke.1041000",
              "1.25.16-gke.1020000",
              "1.25.15-gke.1115000",
              "1.25.15-gke.1083000",
              "1.25.15-gke.1049000",
              "1.25.15-gke.1033000",
              "1.25.14-gke.1474000",
              "1.25.14-gke.1421000",
              "1.25.13-gke.200",
              "1.25.12-gke.500",
              "1.25.11-gke.1700",
              "1.25.10-gke.2700",
              "1.25.10-gke.2100",
              "1.25.10-gke.1400",
              "1.25.10-gke.1200",
              "1.25.9-gke.2300",
              "1.25.9-gke.400",
              "1.25.8-gke.1000",
              "1.25.8-gke.500",
              "1.25.7-gke.1000",
              "1.25.6-gke.1000",
              "1.25.6-gke.200",
              "1.25.5-gke.2000",
              "1.25.5-gke.1500",
              "1.25.4-gke.2100",
              "1.25.3-gke.800",
              "1.24.17-gke.2472000",
              "1.24.17-gke.2364000",
              "1.24.17-gke.2347000",
              "1.24.17-gke.2266000",
              "1.24.17-gke.2230000",
              "1.24.17-gke.2211000",
              "1.24.17-gke.2198000",
              "1.24.17-gke.2155000",
              "1.24.17-gke.2113000",
              "1.24.17-gke.200",
              "1.24.16-gke.500",
              "1.24.15-gke.1700",
              "1.24.14-gke.2700",
              "1.24.14-gke.2100",
              "1.24.14-gke.1400",
              "1.24.14-gke.1200",
              "1.24.13-gke.2500",
              "1.24.13-gke.500",
              "1.24.12-gke.1000",
              "1.24.12-gke.500",
              "1.24.11-gke.1000",
              "1.24.10-gke.2300",
              "1.24.10-gke.1200",
              "1.24.9-gke.3200",
              "1.24.9-gke.2000",
              "1.24.9-gke.1500",
              "1.24.8-gke.2000",
              "1.24.8-gke.401",
              "1.24.7-gke.900",
              "1.24.6-gke.1500",
              "1.24.5-gke.600",
              "1.24.4-gke.800",
              "1.24.3-gke.2100",
              "1.24.3-gke.900",
              "1.24.3-gke.200",
              "1.24.2-gke.1900",
              "1.24.2-gke.300",
              "1.24.1-gke.1800",
              "1.24.1-gke.1400",
              "1.23.17-gke.10700",
              "1.23.17-gke.10000",
              "1.23.17-gke.8400",
              "1.23.17-gke.7700",
              "1.23.17-gke.7000",
              "1.23.17-gke.6800",
              "1.23.17-gke.5600",
              "1.23.17-gke.3600",
              "1.23.17-gke.2000",
              "1.23.17-gke.1700",
              "1.23.17-gke.300",
              "1.23.16-gke.2500",
              "1.23.16-gke.1400",
              "1.23.16-gke.1100",
              "1.23.16-gke.200",
              "1.23.15-gke.1900",
              "1.23.15-gke.1400",
              "1.23.14-gke.1800",
              "1.23.14-gke.401",
              "1.23.13-gke.900",
              "1.23.12-gke.1600",
              "1.23.12-gke.100",
              "1.23.11-gke.300",
              "1.23.10-gke.1000",
              "1.23.9-gke.2100",
              "1.23.9-gke.900",
              "1.23.8-gke.1900",
              "1.23.8-gke.400",
              "1.23.7-gke.1400",
              "1.23.6-gke.2200",
              "1.23.6-gke.1700",
              "1.23.6-gke.1501",
              "1.23.6-gke.1500",
              "1.23.5-gke.2400",
              "1.23.5-gke.1503",
              "1.23.5-gke.1501",
              "1.22.17-gke.14100",
              "1.22.17-gke.13400",
              "1.22.17-gke.12700",
              "1.22.17-gke.11400",
              "1.22.17-gke.9400",
              "1.22.17-gke.8000",
              "1.22.17-gke.7500",
              "1.22.17-gke.6100",
              "1.22.17-gke.5400",
              "1.22.17-gke.4300",
              "1.22.17-gke.4000",
              "1.22.17-gke.3100",
              "1.22.17-gke.1900",
              "1.22.17-gke.1400",
              "1.22.16-gke.2000",
              "1.22.16-gke.1300",
              "1.22.15-gke.2500",
              "1.22.15-gke.1000",
              "1.22.15-gke.100",
              "1.22.14-gke.300",
              "1.22.13-gke.1000",
              "1.22.12-gke.2300",
              "1.22.12-gke.1200",
              "1.22.12-gke.500",
              "1.22.12-gke.300",
              "1.22.11-gke.400",
              "1.22.10-gke.600",
              "1.22.9-gke.2000",
              "1.22.9-gke.1500",
              "1.22.9-gke.1300",
              "1.22.8-gke.2200",
              "1.22.8-gke.202",
              "1.22.8-gke.201",
              "1.22.8-gke.200",
              "1.22.7-gke.1500",
              "1.22.7-gke.1300",
              "1.22.7-gke.900",
              "1.22.7-gke.300",
              "1.22.6-gke.1000",
              "1.22.6-gke.300",
              "1.22.4-gke.1501",
              "1.22.3-gke.1500",
              "1.21.14-gke.18800",
              "1.21.14-gke.18100",
              "1.21.14-gke.15800",
              "1.21.14-gke.14600",
              "1.21.14-gke.14100",
              "1.21.14-gke.8500",
              "1.21.14-gke.7100",
              "1.21.14-gke.5300",
              "1.21.14-gke.4300",
              "1.21.14-gke.3000",
              "1.21.14-gke.2700",
              "1.21.14-gke.2100",
              "1.21.14-gke.700",
              "1.21.13-gke.900",
              "1.21.12-gke.2200",
              "1.21.12-gke.1700",
              "1.21.12-gke.1500",
              "1.21.11-gke.1900",
              "1.21.11-gke.1100",
              "1.21.11-gke.900",
              "1.21.10-gke.2000",
              "1.21.10-gke.1500",
              "1.21.10-gke.1300",
              "1.21.10-gke.400",
              "1.21.9-gke.1002",
              "1.21.9-gke.1001",
              "1.21.9-gke.1000",
              "1.21.9-gke.300",
              "1.21.6-gke.1503",
              "1.21.6-gke.1501",
              "1.21.6-gke.1500",
              "1.21.5-gke.1805",
              "1.21.5-gke.1802",
              "1.21.5-gke.1302",
              "1.21.5-gke.1300",
              "1.21.4-gke.2302",
              "1.21.4-gke.2300",
              "1.21.3-gke.2003",
              "1.21.3-gke.2001",
              "1.20.15-gke.13700",
              "1.20.15-gke.13400",
              "1.20.15-gke.12800",
              "1.20.15-gke.11400",
              "1.20.15-gke.9900",
              "1.20.15-gke.8700",
              "1.20.15-gke.8200",
              "1.20.15-gke.8000",
              "1.20.15-gke.6000",
              "1.20.15-gke.5200",
              "1.20.15-gke.5000",
              "1.20.15-gke.4100",
              "1.20.15-gke.3600",
              "1.20.15-gke.3400",
              "1.20.15-gke.2500",
              "1.20.15-gke.1000",
              "1.20.15-gke.300",
              "1.20.12-gke.1500",
              "1.20.11-gke.1801",
              "1.20.11-gke.1300",
              "1.20.10-gke.2100",
              "1.20.10-gke.1600",
              "1.20.10-gke.301",
              "1.20.9-gke.2100",
              "1.20.9-gke.1001",
              "1.20.9-gke.1000",
              "1.20.9-gke.701",
              "1.20.9-gke.700",
              "1.20.8-gke.2101",
              "1.20.8-gke.2100",
              "1.20.8-gke.900",
              "1.20.8-gke.700",
              "1.20.7-gke.2200",
              "1.20.7-gke.1800",
              "1.20.6-gke.1400",
              "1.20.6-gke.1000",
              "1.19.16-gke.15700",
              "1.19.16-gke.14500",
              "1.19.16-gke.14000",
              "1.19.16-gke.13800",
              "1.19.16-gke.11800",
              "1.19.16-gke.11000",
              "1.19.16-gke.10800",
              "1.19.16-gke.9900",
              "1.19.16-gke.9400",
              "1.19.16-gke.9200",
              "1.19.16-gke.8300",
              "1.19.16-gke.6800",
              "1.19.16-gke.6100",
              "1.19.16-gke.3600",
              "1.19.15-gke.1801",
              "1.19.15-gke.1300",
              "1.19.15-gke.500",
              "1.19.14-gke.2300",
              "1.19.14-gke.1900",
              "1.19.14-gke.301",
              "1.19.14-gke.300",
              "1.19.13-gke.1900",
              "1.19.13-gke.1200",
              "1.19.13-gke.701",
              "1.19.13-gke.700",
              "1.19.12-gke.2101",
              "1.19.12-gke.2100",
              "1.19.12-gke.1100",
              "1.19.12-gke.900",
              "1.19.12-gke.700",
              "1.19.11-gke.2101",
              "1.19.11-gke.2100",
              "1.19.11-gke.1701",
              "1.19.11-gke.1700",
              "1.19.10-gke.1701",
              "1.19.10-gke.1700",
              "1.19.10-gke.1601",
              "1.19.10-gke.1600",
              "1.19.10-gke.1001",
              "1.19.10-gke.1000",
              "1.19.9-gke.1900",
              "1.19.9-gke.1400",
              "1.19.9-gke.700",
              "1.19.9-gke.100",
              "1.19.8-gke.2000",
              "1.19.8-gke.1600",
              "1.19.8-gke.1000",
              "1.19.7-gke.2503",
              "1.19.7-gke.1500",
              "1.19.7-gke.1302",
              "1.19.7-gke.800",
              "1.19.6-gke.1700",
              "1.19.6-gke.1100",
              "1.19.6-gke.600",
              "1.18.20-gke.6101",
              "1.18.20-gke.6000",
              "1.18.20-gke.4501",
              "1.18.20-gke.4500",
              "1.18.20-gke.4100",
              "1.18.20-gke.3300",
              "1.18.20-gke.3001",
              "1.18.20-gke.3000",
              "1.18.20-gke.2300",
              "1.18.20-gke.901",
              "1.18.20-gke.900",
              "1.18.20-gke.501",
              "1.18.19-gke.2101",
              "1.18.19-gke.2100",
              "1.18.19-gke.1701",
              "1.18.19-gke.1700",
              "1.18.18-gke.1701",
              "1.18.18-gke.1700",
              "1.18.18-gke.1101",
              "1.18.18-gke.1100",
              "1.18.17-gke.1901",
              "1.18.17-gke.1900",
              "1.18.17-gke.1201",
              "1.18.17-gke.1200",
              "1.18.17-gke.700",
              "1.18.17-gke.100",
              "1.18.16-gke.2100",
              "1.18.16-gke.1201",
              "1.18.16-gke.1200",
              "1.18.16-gke.502",
              "1.18.16-gke.500",
              "1.18.16-gke.302",
              "1.18.16-gke.300",
              "1.18.15-gke.2500",
              "1.18.15-gke.1502",
              "1.18.15-gke.1501",
              "1.18.15-gke.1500",
              "1.18.15-gke.1102",
              "1.18.15-gke.1100",
              "1.18.15-gke.800",
              "1.18.14-gke.1600",
              "1.18.14-gke.1200",
              "1.18.12-gke.1210",
              "1.18.12-gke.1206",
              "1.18.12-gke.1205",
              "1.18.12-gke.1201",
              "1.18.12-gke.1200",
              "1.18.12-gke.300",
              "1.18.10-gke.2701",
              "1.18.10-gke.2101",
              "1.18.10-gke.1500",
              "1.18.10-gke.601",
              "1.18.9-gke.2501",
              "1.18.9-gke.1501",
              "1.18.9-gke.801",
              "1.18.6-gke.4801",
              "1.18.6-gke.3504",
              "1.18.6-gke.3503",
              "1.17.17-gke.9100",
              "1.17.17-gke.8500",
              "1.17.17-gke.8200",
              "1.17.17-gke.7800",
              "1.17.17-gke.7200",
              "1.17.17-gke.6700",
              "1.17.17-gke.6000",
              "1.17.17-gke.5400",
              "1.17.17-gke.4900",
              "1.17.17-gke.4400",
              "1.17.17-gke.3700",
              "1.17.17-gke.3000",
              "1.17.17-gke.2800",
              "1.17.17-gke.2500",
              "1.17.17-gke.1500",
              "1.17.17-gke.1101",
              "1.17.17-gke.1100",
              "1.17.17-gke.600",
              "1.17.16-gke.1600",
              "1.17.16-gke.1300",
              "1.17.15-gke.800",
              "1.17.15-gke.300",
              "1.17.14-gke.1600",
              "1.17.14-gke.1200",
              "1.17.14-gke.400",
              "1.17.13-gke.2600",
              "1.17.13-gke.2001",
              "1.17.13-gke.1401",
              "1.17.13-gke.1400",
              "1.17.13-gke.600",
              "1.17.12-gke.2502",
              "1.17.12-gke.1504",
              "1.17.12-gke.1501",
              "1.17.12-gke.500",
              "1.17.9-gke.6300",
              "1.17.9-gke.1504",
              "1.16.15-gke.14800",
              "1.16.15-gke.12500",
              "1.16.15-gke.11800",
              "1.16.15-gke.10600",
              "1.16.15-gke.7801",
              "1.16.15-gke.7800",
              "1.16.15-gke.7300",
              "1.16.15-gke.6900",
              "1.16.15-gke.6000",
              "1.16.15-gke.5500",
              "1.16.15-gke.4901",
              "1.16.15-gke.4301",
              "1.16.15-gke.4300",
              "1.16.15-gke.3500",
              "1.16.15-gke.2601",
              "1.16.15-gke.1600",
              "1.16.15-gke.500",
              "1.16.13-gke.404",
              "1.16.13-gke.403",
              "1.16.13-gke.401",
              "1.16.13-gke.400",
              "1.16.13-gke.1",
              "1.16.11-gke.5",
              "1.16.10-gke.8",
              "1.16.9-gke.6",
              "1.16.9-gke.2",
              "1.16.8-gke.15",
              "1.16.8-gke.12",
              "1.16.8-gke.9",
              "1.15.12-gke.6002",
              "1.15.12-gke.6001",
              "1.15.12-gke.5000",
              "1.15.12-gke.4002",
              "1.15.12-gke.4000",
              "1.15.12-gke.20",
              "1.15.12-gke.17",
              "1.15.12-gke.16",
              "1.15.12-gke.13",
              "1.15.12-gke.9",
              "1.15.12-gke.6",
              "1.15.12-gke.3",
              "1.15.12-gke.2",
              "1.15.11-gke.17",
              "1.15.11-gke.15",
              "1.15.11-gke.13",
              "1.15.11-gke.12",
              "1.15.11-gke.11",
              "1.15.11-gke.9",
              "1.15.11-gke.5",
              "1.15.11-gke.3",
              "1.15.11-gke.1",
              "1.15.9-gke.26",
              "1.15.9-gke.24",
              "1.15.9-gke.22",
              "1.15.9-gke.12",
              "1.15.9-gke.9",
              "1.15.9-gke.8",
              "1.15.8-gke.3",
              "1.15.8-gke.2",
              "1.15.7-gke.23",
              "1.15.7-gke.2",
              "1.15.4-gke.22",
              "1.14.10-gke.1504",
              "1.14.10-gke.902",
              "1.14.10-gke.50",
              "1.14.10-gke.46",
              "1.14.10-gke.45",
              "1.14.10-gke.42",
              "1.14.10-gke.41",
              "1.14.10-gke.40",
              "1.14.10-gke.37",
              "1.14.10-gke.36",
              "1.14.10-gke.34",
              "1.14.10-gke.32",
              "1.14.10-gke.31",
              "1.14.10-gke.27",
              "1.14.10-gke.24",
              "1.14.10-gke.22",
              "1.14.10-gke.21",
              "1.14.10-gke.17",
              "1.14.10-gke.0",
              "1.14.9-gke.23",
              "1.14.9-gke.2",
              "1.14.9-gke.0",
              "1.14.8-gke.33",
              "1.14.8-gke.21",
              "1.14.8-gke.18",
              "1.14.8-gke.17",
              "1.14.8-gke.14",
              "1.14.8-gke.12",
              "1.14.8-gke.7",
              "1.14.8-gke.2",
              "1.14.7-gke.40",
              "1.14.7-gke.25",
              "1.14.7-gke.23",
              "1.14.7-gke.17",
              "1.14.7-gke.14",
              "1.14.7-gke.10",
              "1.14.6-gke.13",
              "1.14.6-gke.2",
              "1.14.6-gke.1",
              "1.14.3-gke.11",
              "1.14.3-gke.10",
              "1.14.3-gke.9",
              "1.14.2-gke.9",
              "1.14.1-gke.5",
              "1.13.12-gke.30",
              "1.13.12-gke.25",
              "1.13.12-gke.17",
              "1.13.12-gke.16",
              "1.13.12-gke.14",
              "1.13.12-gke.13",
              "1.13.12-gke.10",
              "1.13.12-gke.8",
              "1.13.12-gke.4",
              "1.13.12-gke.2",
              "1.13.11-gke.23",
              "1.13.11-gke.15",
              "1.13.11-gke.14",
              "1.13.11-gke.12",
              "1.13.11-gke.11",
              "1.13.11-gke.9",
              "1.13.11-gke.5",
              "1.13.10-gke.7",
              "1.13.10-gke.0",
              "1.13.9-gke.11",
              "1.13.9-gke.3",
              "1.13.7-gke.24",
              "1.13.7-gke.19",
              "1.13.7-gke.15",
              "1.13.7-gke.8",
              "1.13.7-gke.0",
              "1.13.6-gke.13",
              "1.13.6-gke.6",
              "1.13.6-gke.5",
              "1.13.6-gke.0",
              "1.13.5-gke.10",
              "1.12.10-gke.22",
              "1.12.10-gke.20",
              "1.12.10-gke.19",
              "1.12.10-gke.18",
              "1.12.10-gke.17",
              "1.12.10-gke.15",
              "1.12.10-gke.13",
              "1.12.10-gke.11",
              "1.12.10-gke.5",
              "1.12.9-gke.16",
              "1.12.9-gke.15",
              "1.12.9-gke.13",
              "1.12.9-gke.10",
              "1.12.9-gke.7",
              "1.12.9-gke.3",
              "1.12.8-gke.12",
              "1.12.8-gke.10",
              "1.12.8-gke.7",
              "1.12.8-gke.6",
              "1.12.7-gke.26",
              "1.12.7-gke.25",
              "1.12.7-gke.24",
              "1.12.7-gke.22",
              "1.12.7-gke.21",
              "1.12.7-gke.17",
              "1.12.7-gke.10",
              "1.12.7-gke.7",
              "1.12.6-gke.11",
              "1.12.6-gke.10",
              "1.12.6-gke.7",
              "1.12.5-gke.10",
              "1.12.5-gke.5",
              "1.11.10-gke.6",
              "1.11.10-gke.5"
            ],
            "version_prefix": null
          },
          "sensitive_attributes": []
        }
      ]
    },
    {
      "module": "module.kubernetes_engine",
      "mode": "managed",
      "type": "google_container_cluster",
      "name": "primary",
      "provider": "provider[\"registry.terraform.io/hashicorp/google\"]",
      "instances": [
        {
          "schema_version": 2,
          "attributes": {
            "addons_config": [
              {
                "cloudrun_config": [],
                "config_connector_config": [
                  {
                    "enabled": false
                  }
                ],
                "dns_cache_config": [
                  {
                    "enabled": false
                  }
                ],
                "gce_persistent_disk_csi_driver_config": [
                  {
                    "enabled": true
                  }
                ],
                "gcp_filestore_csi_driver_config": [
                  {
                    "enabled": false
                  }
                ],
                "gcs_fuse_csi_driver_config": [],
                "gke_backup_agent_config": [
                  {
                    "enabled": false
                  }
                ],
                "horizontal_pod_autoscaling": [
                  {
                    "disabled": false
                  }
                ],
                "http_load_balancing": [
                  {
                    "disabled": false
                  }
                ],
                "network_policy_config": [
                  {
                    "disabled": true
                  }
                ],
                "parallelstore_csi_driver_config": [],
                "ray_operator_config": [],
                "stateful_ha_config": []
              }
            ],
            "allow_net_admin": null,
            "authenticator_groups_config": [],
            "binary_authorization": [
              {
                "enabled": false,
                "evaluation_mode": ""
              }
            ],
            "cluster_autoscaling": [
              {
                "auto_provisioning_defaults": [],
                "auto_provisioning_locations": [],
                "autoscaling_profile": "BALANCED",
                "enabled": false,
                "resource_limits": []
              }
            ],
            "cluster_ipv4_cidr": "10.96.0.0/14",
            "confidential_nodes": [],
            "control_plane_endpoints_config": [
              {
                "dns_endpoint_config": [
                  {
                    "allow_external_traffic": false,
                    "endpoint": "gke-f39ee20cfa2847cba22739ccfad80cd3c599-391397054384.us-central1.gke.goog"
                  }
                ]
              }
            ],
            "cost_management_config": [],
            "database_encryption": [
              {
                "key_name": "",
                "state": "DECRYPTED"
              }
            ],
            "datapath_provider": "",
            "default_max_pods_per_node": 110,
            "default_snat_status": [
              {
                "disabled": false
              }
            ],
            "deletion_protection": true,
            "description": "",
            "dns_config": [],
            "effective_labels": {
              "goog-terraform-provisioned": "true"
            },
            "enable_autopilot": false,
            "enable_cilium_clusterwide_network_policy": false,
            "enable_fqdn_network_policy": false,
            "enable_intranode_visibility": false,
            "enable_k8s_beta_apis": [],
            "enable_kubernetes_alpha": false,
            "enable_l4_ilb_subsetting": false,
            "enable_legacy_abac": false,
            "enable_multi_networking": false,
            "enable_shielded_nodes": true,
            "enable_tpu": false,
            "endpoint": "35.226.123.122",
            "enterprise_config": [
              {
                "cluster_tier": "STANDARD",
                "desired_tier": ""
              }
            ],
            "fleet": [],
            "gateway_api_config": [],
            "id": "projects/bcs-test-450214/locations/us-central1/clusters/xtdb-cluster",
            "identity_service_config": [
              {
                "enabled": false
              }
            ],
            "initial_node_count": 0,
            "ip_allocation_policy": [
              {
                "additional_pod_ranges_config": [],
                "cluster_ipv4_cidr_block": "10.96.0.0/14",
                "cluster_secondary_range_name": "gke-xtdb-cluster-pods-f39ee20c",
                "pod_cidr_overprovision_config": [
                  {
                    "disabled": false
                  }
                ],
                "services_ipv4_cidr_block": "34.118.224.0/20",
                "services_secondary_range_name": "",
                "stack_type": "IPV4"
              }
            ],
            "label_fingerprint": "78cdf2f6",
            "location": "us-central1",
            "logging_config": [
              {
                "enable_components": [
                  "SYSTEM_COMPONENTS",
                  "WORKLOADS"
                ]
              }
            ],
            "logging_service": "logging.googleapis.com/kubernetes",
            "maintenance_policy": [
              {
                "daily_maintenance_window": [
                  {
                    "duration": "PT4H0M0S",
                    "start_time": "05:00"
                  }
                ],
                "maintenance_exclusion": [],
                "recurring_window": []
              }
            ],
            "master_auth": [
              {
                "client_certificate": "",
                "client_certificate_config": [
                  {
                    "issue_client_certificate": false
                  }
                ],
                "client_key": "",
                "cluster_ca_certificate": "LS0tLS1CRUdJTiBDRVJUSUZJQ0FURS0tLS0tCk1JSUVMVENDQXBXZ0F3SUJBZ0lSQUxWZUlhRmQ0N3I2b2pBUC9RREJwUmN3RFFZSktvWklodmNOQVFFTEJRQXcKTHpFdE1Dc0dBMVVFQXhNa09EQTBZemMzWXpBdFl6TTNaUzAwWlRZeUxUazBPVEl0T0dNMk9UWTBaV1ZrT1RWbApNQ0FYRFRJMU1ESXlOVEV3TWpZMU9Wb1lEekl3TlRVd01qRTRNVEV5TmpVNVdqQXZNUzB3S3dZRFZRUURFeVE0Ck1EUmpOemRqTUMxak16ZGxMVFJsTmpJdE9UUTVNaTA0WXpZNU5qUmxaV1E1TldVd2dnR2lNQTBHQ1NxR1NJYjMKRFFFQkFRVUFBNElCandBd2dnR0tBb0lCZ1FERzRYYVArbitYVWFtNWNSVnpkU2FCaS83T052ajRYc1V5V3o4cwpqVHQ3bXcwN3l6YU1UM25mcnJtaEl1aXNqQmRWS1dpSjBVQS9mcFJ2WGhtQUdUZ0M2ajFwL3pmVGNlSXU3UkhzCjNhUG5mY1FDQnJxd0hyNHl3bE5haUxmbVZMa3MzS0VaMnliZVFNWW1EWlViN0JSV0tzb3kwVUhFOXhLUTFlY3gKZGNtditFZ295ekhBV3FSYUhCcXNHSVVsZWVIVFNBL1JmcFZ0S05oblpDdDVxMm5sekFqYzg2NHNsRnVLQmFuZgpEek5KYkZydS92SEtXZEVwdXZWaDRJZ0x5cFh6b01leWphZE1Ld1FHbHdJT0tzWWtvVWs3OUt4QjRpRks1ejF2CmdXeVFiYWNBWHorcmluTDlOR1B2OFYzbVYyeVQ2RGo4VmoxM3U2anJ5N0o5VUJIaTAvUnlWSTlTSUJVUFMyTlAKbk9BNjhlbXcrdTVQMlgrNlZaU3hlcVZrVmlYa2pHOHpOalV3c1ZIK1pabnJJbDhyWk4xNHVJb0lnWU8zVWYyYwp1Z3lhS2Y1VkM5cFpsWXp6ZzhvOUh2dGpZZURzK1ExdStKNHI0enJoQ0V4MjJkanQ0OGNISXF5WVByRWlqTkZBCjZBNUVGOEFLbUJ4VUtrNVo1YXNENEdmZThDRUNBd0VBQWFOQ01FQXdEZ1lEVlIwUEFRSC9CQVFEQWdJRU1BOEcKQTFVZEV3RUIvd1FGTUFNQkFmOHdIUVlEVlIwT0JCWUVGRXVua2dSL0MwQXRzNTVFQm0vOUxnVUZ1QkUwTUEwRwpDU3FHU0liM0RRRUJDd1VBQTRJQmdRQlE4N2NlbVpaWGR3dEtoRDdDaVl3cFJBSHlkQW5kbWFTZ0RVbkdveUxmCnJ3YTlLR1NwanlSK0Q2ME5FbE5MN3IwNjBLTWxQNkhiVXpINVFNR0pkcVFORWhFS3kvMC9FMC9QSjBGZUQvYkUKOFAvVktXdTY4NmFnT0tZQThVdXIzTkVrTHhyeTdvNmFyZXlMZlFITzl3L0xnQjFhVUNoYldncEIxLzNtdC9aVApDU0YzdmUvK0ZuN25CMEUrOFFqNWk4cTFVd0I4Qi9ZN1V5clNPaHIydHVKSG9SYXFoSnRBUlVkMnNGWHdnVGNsClZoTy9jMjMrcWxMaUQxSndkZVBSNWZYcEpsR3FjcklxWnhsSzhRY21lZGlDU0NEdnc0a1NPQ1YxU1FSQUg1Q28KNVJVTFRBZEI4ZEtkL2FsS2hINmtFLzlWdHJiV0xGaW5DRnlTbGtrMG82KzZTWU1ma1Y0QkI2ZmxlZDdGaFZWNQpRWUsyMDkyN0YwMzU3U05JVE1nbzNjWUZFcW4ydlJNMzAyOHNZVDNRSVFHdFhwU25hKzJ1NDNxQ1Y5WVVYRURGCkw1MTJ0TFprSlVxaW1MY3MxMG03ZTkvenNYSml4UWhJemxibHhkK21qanZMUWNXc3F2bXBmUGtObDI1cGV5MysKNkFmTFNwdlhESFNLYk1XMGp6L2hzTGc9Ci0tLS0tRU5EIENFUlRJRklDQVRFLS0tLS0K"
              }
            ],
            "master_authorized_networks_config": [],
            "master_version": "1.31.5-gke.1068000",
            "mesh_certificates": [
              {
                "enable_certificates": false
              }
            ],
            "min_master_version": null,
            "monitoring_config": [
              {
                "advanced_datapath_observability_config": [
                  {
                    "enable_metrics": false,
                    "enable_relay": false
                  }
                ],
                "enable_components": [
                  "SYSTEM_COMPONENTS",
                  "DEPLOYMENT",
                  "STATEFULSET",
                  "STORAGE",
                  "HPA",
                  "POD",
                  "DAEMONSET",
                  "CADVISOR",
                  "KUBELET"
                ],
                "managed_prometheus": [
                  {
                    "enabled": true
                  }
                ]
              }
            ],
            "monitoring_service": "monitoring.googleapis.com/kubernetes",
            "name": "xtdb-cluster",
            "network": "projects/bcs-test-450214/global/networks/xtdb-vpc",
            "network_policy": [
              {
                "enabled": false,
                "provider": "PROVIDER_UNSPECIFIED"
              }
            ],
            "networking_mode": "VPC_NATIVE",
            "node_config": [
              {
                "advanced_machine_features": [],
                "boot_disk_kms_key": "",
                "confidential_nodes": [],
                "containerd_config": [],
                "disk_size_gb": 100,
                "disk_type": "pd-balanced",
                "effective_taints": [],
                "enable_confidential_storage": false,
                "ephemeral_storage_local_ssd_config": [],
                "fast_socket": [],
                "gcfs_config": [],
                "guest_accelerator": [],
                "gvnic": [],
                "host_maintenance_policy": [],
                "image_type": "COS_CONTAINERD",
                "kubelet_config": [
                  {
                    "allowed_unsafe_sysctls": [],
                    "container_log_max_files": 0,
                    "container_log_max_size": "",
                    "cpu_cfs_quota": false,
                    "cpu_cfs_quota_period": "",
                    "cpu_manager_policy": "",
                    "image_gc_high_threshold_percent": 0,
                    "image_gc_low_threshold_percent": 0,
                    "image_maximum_gc_age": "",
                    "image_minimum_gc_age": "",
                    "insecure_kubelet_readonly_port_enabled": "FALSE",
                    "pod_pids_limit": 0
                  }
                ],
                "labels": {},
                "linux_node_config": [],
                "local_nvme_ssd_block_config": [],
                "local_ssd_count": 0,
                "local_ssd_encryption_mode": "",
                "logging_variant": "DEFAULT",
                "machine_type": "n2-highmem-2",
                "max_run_duration": "",
                "metadata": {
                  "disable-legacy-endpoints": "true"
                },
                "min_cpu_platform": "",
                "node_group": "",
                "oauth_scopes": [
                  "https://www.googleapis.com/auth/cloud-platform",
                  "https://www.googleapis.com/auth/userinfo.email"
                ],
                "preemptible": false,
                "reservation_affinity": [],
                "resource_labels": {
                  "goog-gke-node-pool-provisioning-model": "on-demand"
                },
                "resource_manager_tags": {},
                "secondary_boot_disks": [],
                "service_account": "xtdb-service-account@bcs-test-450214.iam.gserviceaccount.com",
                "shielded_instance_config": [
                  {
                    "enable_integrity_monitoring": true,
                    "enable_secure_boot": false
                  }
                ],
                "sole_tenant_config": [],
                "spot": false,
                "storage_pools": [],
                "tags": [
                  "gke-xtdb-cluster",
                  "gke-xtdb-cluster-default-pool"
                ],
                "taint": [],
                "workload_metadata_config": [
                  {
                    "mode": "GKE_METADATA"
                  }
                ]
              }
            ],
            "node_locations": [
              "us-central1-a"
            ],
            "node_pool": [
              {
                "autoscaling": [],
                "initial_node_count": 1,
                "instance_group_urls": [
                  "https://www.googleapis.com/compute/v1/projects/bcs-test-450214/zones/us-central1-a/instanceGroupManagers/gke-xtdb-cluster-default-pool-42bfb236-grp"
                ],
                "managed_instance_group_urls": [
                  "https://www.googleapis.com/compute/v1/projects/bcs-test-450214/zones/us-central1-a/instanceGroups/gke-xtdb-cluster-default-pool-42bfb236-grp"
                ],
                "management": [
                  {
                    "auto_repair": true,
                    "auto_upgrade": true
                  }
                ],
                "max_pods_per_node": 110,
                "name": "default-pool",
                "name_prefix": "",
                "network_config": [
                  {
                    "additional_node_network_configs": [],
                    "additional_pod_network_configs": [],
                    "create_pod_range": false,
                    "enable_private_nodes": false,
                    "network_performance_config": [],
                    "pod_cidr_overprovision_config": [],
                    "pod_ipv4_cidr_block": "10.96.0.0/14",
                    "pod_range": "gke-xtdb-cluster-pods-f39ee20c"
                  }
                ],
                "node_config": [
                  {
                    "advanced_machine_features": [],
                    "boot_disk_kms_key": "",
                    "confidential_nodes": [],
                    "containerd_config": [],
                    "disk_size_gb": 100,
                    "disk_type": "pd-balanced",
                    "effective_taints": [],
                    "enable_confidential_storage": false,
                    "ephemeral_storage_local_ssd_config": [],
                    "fast_socket": [],
                    "gcfs_config": [],
                    "guest_accelerator": [],
                    "gvnic": [],
                    "host_maintenance_policy": [],
                    "image_type": "COS_CONTAINERD",
                    "kubelet_config": [
                      {
                        "allowed_unsafe_sysctls": [],
                        "container_log_max_files": 0,
                        "container_log_max_size": "",
                        "cpu_cfs_quota": false,
                        "cpu_cfs_quota_period": "",
                        "cpu_manager_policy": "",
                        "image_gc_high_threshold_percent": 0,
                        "image_gc_low_threshold_percent": 0,
                        "image_maximum_gc_age": "",
                        "image_minimum_gc_age": "",
                        "insecure_kubelet_readonly_port_enabled": "FALSE",
                        "pod_pids_limit": 0
                      }
                    ],
                    "labels": {},
                    "linux_node_config": [],
                    "local_nvme_ssd_block_config": [],
                    "local_ssd_count": 0,
                    "local_ssd_encryption_mode": "",
                    "logging_variant": "DEFAULT",
                    "machine_type": "n2-highmem-2",
                    "max_run_duration": "",
                    "metadata": {
                      "disable-legacy-endpoints": "true"
                    },
                    "min_cpu_platform": "",
                    "node_group": "",
                    "oauth_scopes": [
                      "https://www.googleapis.com/auth/cloud-platform",
                      "https://www.googleapis.com/auth/userinfo.email"
                    ],
                    "preemptible": false,
                    "reservation_affinity": [],
                    "resource_labels": {
                      "goog-gke-node-pool-provisioning-model": "on-demand"
                    },
                    "resource_manager_tags": null,
                    "secondary_boot_disks": [],
                    "service_account": "xtdb-service-account@bcs-test-450214.iam.gserviceaccount.com",
                    "shielded_instance_config": [
                      {
                        "enable_integrity_monitoring": true,
                        "enable_secure_boot": false
                      }
                    ],
                    "sole_tenant_config": [],
                    "spot": false,
                    "storage_pools": null,
                    "tags": [
                      "gke-xtdb-cluster",
                      "gke-xtdb-cluster-default-pool"
                    ],
                    "taint": [],
                    "workload_metadata_config": [
                      {
                        "mode": "GKE_METADATA"
                      }
                    ]
                  }
                ],
                "node_count": 1,
                "node_locations": [
                  "us-central1-a"
                ],
                "placement_policy": [],
                "queued_provisioning": [],
                "upgrade_settings": [
                  {
                    "blue_green_settings": [],
                    "max_surge": 1,
                    "max_unavailable": 0,
                    "strategy": "SURGE"
                  }
                ],
                "version": "1.31.5-gke.1068000"
              }
            ],
            "node_pool_auto_config": [],
            "node_pool_defaults": [
              {
                "node_config_defaults": [
                  {
                    "containerd_config": [],
                    "gcfs_config": [
                      {
                        "enabled": false
                      }
                    ],
                    "insecure_kubelet_readonly_port_enabled": "FALSE",
                    "logging_variant": "DEFAULT"
                  }
                ]
              }
            ],
            "node_version": "1.31.5-gke.1068000",
            "notification_config": [
              {
                "pubsub": [
                  {
                    "enabled": false,
                    "filter": [],
                    "topic": ""
                  }
                ]
              }
            ],
            "operation": null,
            "private_cluster_config": [
              {
                "enable_private_endpoint": false,
                "enable_private_nodes": false,
                "master_global_access_config": [
                  {
                    "enabled": false
                  }
                ],
                "master_ipv4_cidr_block": "",
                "peering_name": "",
                "private_endpoint": "10.10.10.2",
                "private_endpoint_subnetwork": "",
                "public_endpoint": "35.226.123.122"
              }
            ],
            "private_ipv6_google_access": "",
            "project": "bcs-test-450214",
            "release_channel": [
              {
                "channel": "REGULAR"
              }
            ],
            "remove_default_node_pool": false,
            "resource_labels": null,
            "resource_usage_export_config": [],
            "secret_manager_config": [
              {
                "enabled": false
              }
            ],
            "security_posture_config": [
              {
                "mode": "DISABLED",
                "vulnerability_mode": "VULNERABILITY_DISABLED"
              }
            ],
            "self_link": "https://container.googleapis.com/v1/projects/bcs-test-450214/locations/us-central1/clusters/xtdb-cluster",
            "service_external_ips_config": [
              {
                "enabled": false
              }
            ],
            "services_ipv4_cidr": "34.118.224.0/20",
            "subnetwork": "projects/bcs-test-450214/regions/us-central1/subnetworks/xtdb-vpc-public-subnet",
            "terraform_labels": {
              "goog-terraform-provisioned": "true"
            },
            "timeouts": {
              "create": "45m",
              "delete": "45m",
              "read": null,
              "update": "45m"
            },
            "tpu_ipv4_cidr_block": "",
            "user_managed_keys_config": [],
            "vertical_pod_autoscaling": [
              {
                "enabled": false
              }
            ],
            "workload_identity_config": [
              {
                "workload_pool": "bcs-test-450214.svc.id.goog"
              }
            ]
          },
          "sensitive_attributes": [
            [
              {
                "type": "get_attr",
                "value": "master_auth"
              },
              {
                "type": "index",
                "value": {
                  "value": 0,
                  "type": "number"
                }
              },
              {
                "type": "get_attr",
                "value": "client_key"
              }
            ]
          ],
          "private": "eyJlMmJmYjczMC1lY2FhLTExZTYtOGY4OC0zNDM2M2JjN2M0YzAiOnsiY3JlYXRlIjoyNzAwMDAwMDAwMDAwLCJkZWxldGUiOjI3MDAwMDAwMDAwMDAsInJlYWQiOjI0MDAwMDAwMDAwMDAsInVwZGF0ZSI6MjcwMDAwMDAwMDAwMH0sInNjaGVtYV92ZXJzaW9uIjoiMiJ9",
          "dependencies": [
            "google_service_account.xtdb_service_account",
            "module.kubernetes_engine.data.google_compute_zones.available",
            "module.kubernetes_engine.data.google_container_engine_versions.region",
            "module.kubernetes_engine.data.google_container_engine_versions.zone",
            "module.kubernetes_engine.google_service_account.cluster_service_account",
            "module.kubernetes_engine.random_shuffle.available_zones",
            "module.kubernetes_engine.random_string.cluster_service_account_suffix",
            "module.xtdb_vpc.module.subnets.google_compute_subnetwork.subnetwork",
            "module.xtdb_vpc.module.vpc.google_compute_network.network"
          ]
        }
      ]
    },
    {
      "module": "module.kubernetes_engine",
      "mode": "managed",
      "type": "google_container_node_pool",
      "name": "pools",
      "provider": "provider[\"registry.terraform.io/hashicorp/google\"]",
      "instances": [
        {
          "index_key": "xtdb-pool",
          "schema_version": 1,
          "attributes": {
            "autoscaling": [
              {
                "location_policy": "BALANCED",
                "max_node_count": 1,
                "min_node_count": 1,
                "total_max_node_count": 0,
                "total_min_node_count": 0
              }
            ],
            "cluster": "xtdb-cluster",
            "id": "projects/bcs-test-450214/locations/us-central1/clusters/xtdb-cluster/nodePools/xtdb-pool",
            "initial_node_count": 1,
            "instance_group_urls": [
              "https://www.googleapis.com/compute/v1/projects/bcs-test-450214/zones/us-central1-a/instanceGroupManagers/gke-xtdb-cluster-xtdb-pool-ce7b03d6-grp",
              "https://www.googleapis.com/compute/v1/projects/bcs-test-450214/zones/us-central1-b/instanceGroupManagers/gke-xtdb-cluster-xtdb-pool-1c35c7bd-grp",
              "https://www.googleapis.com/compute/v1/projects/bcs-test-450214/zones/us-central1-c/instanceGroupManagers/gke-xtdb-cluster-xtdb-pool-73a48f4f-grp"
            ],
            "location": "us-central1",
            "managed_instance_group_urls": [
              "https://www.googleapis.com/compute/v1/projects/bcs-test-450214/zones/us-central1-a/instanceGroups/gke-xtdb-cluster-xtdb-pool-ce7b03d6-grp",
              "https://www.googleapis.com/compute/v1/projects/bcs-test-450214/zones/us-central1-b/instanceGroups/gke-xtdb-cluster-xtdb-pool-1c35c7bd-grp",
              "https://www.googleapis.com/compute/v1/projects/bcs-test-450214/zones/us-central1-c/instanceGroups/gke-xtdb-cluster-xtdb-pool-73a48f4f-grp"
            ],
            "management": [
              {
                "auto_repair": true,
                "auto_upgrade": true
              }
            ],
            "max_pods_per_node": 110,
            "name": "xtdb-pool",
            "name_prefix": "",
            "network_config": [
              {
                "additional_node_network_configs": [],
                "additional_pod_network_configs": [],
                "create_pod_range": false,
                "enable_private_nodes": false,
                "network_performance_config": [],
                "pod_cidr_overprovision_config": [],
                "pod_ipv4_cidr_block": "10.96.0.0/14",
                "pod_range": "gke-xtdb-cluster-pods-f39ee20c"
              }
            ],
            "node_config": [
              {
                "advanced_machine_features": [],
                "boot_disk_kms_key": "",
                "confidential_nodes": [],
                "containerd_config": [],
                "disk_size_gb": 50,
                "disk_type": "pd-standard",
                "effective_taints": [
                  {
                    "effect": "PREFER_NO_SCHEDULE",
                    "key": "xtdb-pool",
                    "value": "true"
                  }
                ],
                "enable_confidential_storage": false,
                "ephemeral_storage_local_ssd_config": [
                  {
                    "local_ssd_count": 1
                  }
                ],
                "fast_socket": [],
                "gcfs_config": [],
                "guest_accelerator": [],
                "gvnic": [],
                "host_maintenance_policy": [],
                "image_type": "COS_CONTAINERD",
                "kubelet_config": [
                  {
                    "allowed_unsafe_sysctls": [],
                    "container_log_max_files": 0,
                    "container_log_max_size": "",
                    "cpu_cfs_quota": false,
                    "cpu_cfs_quota_period": "",
                    "cpu_manager_policy": "",
                    "image_gc_high_threshold_percent": 0,
                    "image_gc_low_threshold_percent": 0,
                    "image_maximum_gc_age": "",
                    "image_minimum_gc_age": "",
                    "insecure_kubelet_readonly_port_enabled": "FALSE",
                    "pod_pids_limit": 0
                  }
                ],
                "labels": {
                  "cluster_name": "xtdb-cluster",
                  "environment": "dev",
                  "node_pool": "xtdb-pool"
                },
                "linux_node_config": [],
                "local_nvme_ssd_block_config": [],
                "local_ssd_count": 0,
                "local_ssd_encryption_mode": "",
                "logging_variant": "DEFAULT",
                "machine_type": "n2-highmem-2",
                "max_run_duration": "",
                "metadata": {
                  "cluster_name": "xtdb-cluster",
                  "disable-legacy-endpoints": "true",
                  "node_pool": "xtdb-pool"
                },
                "min_cpu_platform": "",
                "node_group": "",
                "oauth_scopes": [
                  "https://www.googleapis.com/auth/cloud-platform"
                ],
                "preemptible": false,
                "reservation_affinity": [],
                "resource_labels": {
                  "goog-gke-node-pool-provisioning-model": "on-demand"
                },
                "resource_manager_tags": null,
                "secondary_boot_disks": [],
                "service_account": "xtdb-service-account@bcs-test-450214.iam.gserviceaccount.com",
                "shielded_instance_config": [
                  {
                    "enable_integrity_monitoring": true,
                    "enable_secure_boot": false
                  }
                ],
                "sole_tenant_config": [],
                "spot": false,
                "storage_pools": null,
                "tags": [
                  "gke-xtdb-cluster",
                  "gke-xtdb-cluster-xtdb-pool"
                ],
                "taint": [
                  {
                    "effect": "PREFER_NO_SCHEDULE",
                    "key": "xtdb-pool",
                    "value": "true"
                  }
                ],
                "workload_metadata_config": [
                  {
                    "mode": "GKE_METADATA"
                  }
                ]
              }
            ],
            "node_count": 1,
            "node_locations": [
              "us-central1-a",
              "us-central1-b",
              "us-central1-c"
            ],
            "operation": null,
            "placement_policy": [],
            "project": "bcs-test-450214",
            "queued_provisioning": [],
            "timeouts": {
              "create": "45m",
              "delete": "45m",
              "update": "45m"
            },
            "upgrade_settings": [
              {
                "blue_green_settings": [],
                "max_surge": 1,
                "max_unavailable": 0,
                "strategy": "SURGE"
              }
            ],
            "version": "1.31.5-gke.1068000"
          },
          "sensitive_attributes": [],
          "private": "eyJlMmJmYjczMC1lY2FhLTExZTYtOGY4OC0zNDM2M2JjN2M0YzAiOnsiY3JlYXRlIjoyNzAwMDAwMDAwMDAwLCJkZWxldGUiOjI3MDAwMDAwMDAwMDAsInVwZGF0ZSI6MjcwMDAwMDAwMDAwMH0sInNjaGVtYV92ZXJzaW9uIjoiMSJ9",
          "dependencies": [
            "google_service_account.xtdb_service_account",
            "module.kubernetes_engine.data.google_compute_zones.available",
            "module.kubernetes_engine.data.google_container_engine_versions.region",
            "module.kubernetes_engine.data.google_container_engine_versions.zone",
            "module.kubernetes_engine.google_container_cluster.primary",
            "module.kubernetes_engine.google_service_account.cluster_service_account",
            "module.kubernetes_engine.random_shuffle.available_zones",
            "module.kubernetes_engine.random_string.cluster_service_account_suffix",
            "module.xtdb_vpc.module.subnets.google_compute_subnetwork.subnetwork",
            "module.xtdb_vpc.module.vpc.google_compute_network.network"
          ]
        }
      ]
    },
    {
      "module": "module.xtdb_storage",
      "mode": "managed",
      "type": "google_storage_bucket",
      "name": "buckets",
      "provider": "provider[\"registry.terraform.io/hashicorp/google\"]",
      "instances": [
        {
          "index_key": "xtdb-storage-bucket",
          "schema_version": 3,
          "attributes": {
            "autoclass": [],
            "cors": [],
            "custom_placement_config": [],
            "default_event_based_hold": false,
            "effective_labels": {
              "goog-terraform-provisioned": "true",
              "name": "xtdb-storage-bucket"
            },
            "enable_object_retention": false,
            "encryption": [],
            "force_destroy": false,
            "hierarchical_namespace": [
              {
                "enabled": false
              }
            ],
            "id": "xtdb-storage-bucket",
            "labels": {
              "name": "xtdb-storage-bucket"
            },
            "lifecycle_rule": [],
            "location": "US-CENTRAL1",
            "logging": [],
            "name": "xtdb-storage-bucket",
            "project": "bcs-test-450214",
            "project_number": 391397054384,
            "public_access_prevention": "inherited",
            "requester_pays": false,
            "retention_policy": [],
            "rpo": null,
            "self_link": "https://www.googleapis.com/storage/v1/b/xtdb-storage-bucket",
            "soft_delete_policy": [
              {
                "effective_time": "2025-02-25T11:26:24.517Z",
                "retention_duration_seconds": 604800
              }
            ],
            "storage_class": "STANDARD",
            "terraform_labels": {
              "goog-terraform-provisioned": "true",
              "name": "xtdb-storage-bucket"
            },
            "timeouts": null,
            "uniform_bucket_level_access": true,
            "url": "gs://xtdb-storage-bucket",
            "versioning": [
              {
                "enabled": false
              }
            ],
            "website": []
          },
          "sensitive_attributes": [],
          "private": "eyJlMmJmYjczMC1lY2FhLTExZTYtOGY4OC0zNDM2M2JjN2M0YzAiOnsiY3JlYXRlIjo2MDAwMDAwMDAwMDAsInJlYWQiOjI0MDAwMDAwMDAwMCwidXBkYXRlIjoyNDAwMDAwMDAwMDB9LCJzY2hlbWFfdmVyc2lvbiI6IjMifQ==",
          "dependencies": [
            "module.xtdb_storage.random_id.bucket_suffix"
          ]
        }
      ]
    },
    {
      "module": "module.xtdb_storage",
      "mode": "managed",
      "type": "google_storage_bucket_iam_binding",
      "name": "admins",
      "provider": "provider[\"registry.terraform.io/hashicorp/google\"]",
      "instances": [
        {
          "index_key": "xtdb-storage-bucket",
          "schema_version": 0,
          "attributes": {
            "bucket": "b/xtdb-storage-bucket",
            "condition": [],
            "etag": "CAI=",
            "id": "b/xtdb-storage-bucket/roles/storage.objectAdmin",
            "members": [
              "serviceAccount:xtdb-service-account@bcs-test-450214.iam.gserviceaccount.com"
            ],
            "role": "roles/storage.objectAdmin"
          },
          "sensitive_attributes": [],
          "private": "bnVsbA==",
          "dependencies": [
            "google_service_account.xtdb_service_account",
            "module.xtdb_storage.google_storage_bucket.buckets",
            "module.xtdb_storage.random_id.bucket_suffix"
          ]
        }
      ]
    },
    {
      "module": "module.xtdb_vpc.module.subnets",
      "mode": "managed",
      "type": "google_compute_subnetwork",
      "name": "subnetwork",
      "provider": "provider[\"registry.terraform.io/hashicorp/google\"]",
      "instances": [
        {
          "index_key": "us-central1/xtdb-vpc-public-subnet",
          "schema_version": 0,
          "attributes": {
            "creation_timestamp": "2025-02-25T03:26:46.643-08:00",
            "description": "",
            "external_ipv6_prefix": "",
            "fingerprint": null,
            "gateway_address": "10.10.10.1",
            "id": "projects/bcs-test-450214/regions/us-central1/subnetworks/xtdb-vpc-public-subnet",
            "internal_ipv6_prefix": "",
            "ip_cidr_range": "10.10.10.0/24",
            "ipv6_access_type": "",
            "ipv6_cidr_range": "",
            "log_config": [],
            "name": "xtdb-vpc-public-subnet",
            "network": "https://www.googleapis.com/compute/v1/projects/bcs-test-450214/global/networks/xtdb-vpc",
            "private_ip_google_access": false,
            "private_ipv6_google_access": "DISABLE_GOOGLE_ACCESS",
            "project": "bcs-test-450214",
            "purpose": "PRIVATE",
            "region": "us-central1",
            "reserved_internal_range": "",
            "role": "",
            "secondary_ip_range": [],
            "self_link": "https://www.googleapis.com/compute/v1/projects/bcs-test-450214/regions/us-central1/subnetworks/xtdb-vpc-public-subnet",
            "send_secondary_ip_range_if_empty": null,
            "stack_type": "IPV4_ONLY",
            "subnetwork_id": 6553757150589490713,
            "timeouts": null
          },
          "sensitive_attributes": [],
          "private": "eyJlMmJmYjczMC1lY2FhLTExZTYtOGY4OC0zNDM2M2JjN2M0YzAiOnsiY3JlYXRlIjoxMjAwMDAwMDAwMDAwLCJkZWxldGUiOjEyMDAwMDAwMDAwMDAsInVwZGF0ZSI6MTIwMDAwMDAwMDAwMH19",
          "dependencies": [
            "module.xtdb_vpc.module.vpc.google_compute_network.network"
          ]
        }
      ]
    },
    {
      "module": "module.xtdb_vpc.module.vpc",
      "mode": "managed",
      "type": "google_compute_network",
      "name": "network",
      "provider": "provider[\"registry.terraform.io/hashicorp/google-beta\"]",
      "instances": [
        {
          "schema_version": 0,
          "attributes": {
            "auto_create_subnetworks": false,
            "bgp_always_compare_med": false,
            "bgp_best_path_selection_mode": "LEGACY",
            "bgp_inter_region_cost": "",
            "delete_default_routes_on_create": false,
            "description": "",
            "enable_ula_internal_ipv6": false,
            "gateway_ipv4": "",
            "id": "projects/bcs-test-450214/global/networks/xtdb-vpc",
            "internal_ipv6_range": "",
            "mtu": 0,
            "name": "xtdb-vpc",
            "network_firewall_policy_enforcement_order": "AFTER_CLASSIC_FIREWALL",
            "network_id": "6369366125738726927",
            "network_profile": "",
            "numeric_id": "6369366125738726927",
            "project": "bcs-test-450214",
            "routing_mode": "GLOBAL",
            "self_link": "https://www.googleapis.com/compute/v1/projects/bcs-test-450214/global/networks/xtdb-vpc",
            "timeouts": null
          },
          "sensitive_attributes": [],
          "private": "eyJlMmJmYjczMC1lY2FhLTExZTYtOGY4OC0zNDM2M2JjN2M0YzAiOnsiY3JlYXRlIjoxMjAwMDAwMDAwMDAwLCJkZWxldGUiOjEyMDAwMDAwMDAwMDAsInVwZGF0ZSI6MTIwMDAwMDAwMDAwMH19"
        }
      ]
    }
  ],
  "check_results": [
    {
      "object_kind": "var",
      "config_addr": "module.kubernetes_engine.var.shadow_firewall_rules_priority",
      "status": "pass",
      "objects": [
        {
          "object_addr": "module.kubernetes_engine.var.shadow_firewall_rules_priority",
          "status": "pass"
        }
      ]
    },
    {
      "object_kind": "var",
      "config_addr": "module.kubernetes_engine.var.timeouts",
      "status": "pass",
      "objects": [
        {
          "object_addr": "module.kubernetes_engine.var.timeouts",
          "status": "pass"
        }
      ]
    },
    {
      "object_kind": "var",
      "config_addr": "module.kubernetes_engine.var.node_metadata",
      "status": "pass",
      "objects": [
        {
          "object_addr": "module.kubernetes_engine.var.node_metadata",
          "status": "pass"
        }
      ]
    },
    {
      "object_kind": "var",
      "config_addr": "module.kubernetes_engine.var.monitoring_enabled_components",
      "status": "pass",
      "objects": [
        {
          "object_addr": "module.kubernetes_engine.var.monitoring_enabled_components",
          "status": "pass"
        }
      ]
    },
    {
      "object_kind": "var",
      "config_addr": "var.project_id",
      "status": "pass",
      "objects": [
        {
          "object_addr": "var.project_id",
          "status": "pass"
        }
      ]
    },
    {
      "object_kind": "var",
      "config_addr": "module.kubernetes_engine.var.logging_enabled_components",
      "status": "pass",
      "objects": [
        {
          "object_addr": "module.kubernetes_engine.var.logging_enabled_components",
          "status": "pass"
        }
      ]
    }
  ]
}
